// !$*UTF8*$!
{
	archiveVersion = 1;
	classes = {
	};
	objectVersion = 56;
	objects = {

/* Begin PBXBuildFile section */
		43332E1A28EB3D2B006E017B /* MemoriesApp.swift in Sources */ = {isa = PBXBuildFile; fileRef = 43332E1928EB3D2B006E017B /* MemoriesApp.swift */; };
		43332E1C28EB3D2B006E017B /* ContentView.swift in Sources */ = {isa = PBXBuildFile; fileRef = 43332E1B28EB3D2B006E017B /* ContentView.swift */; };
		43332E1E28EB3D2C006E017B /* Assets.xcassets in Resources */ = {isa = PBXBuildFile; fileRef = 43332E1D28EB3D2C006E017B /* Assets.xcassets */; };
		43332E2128EB3D2C006E017B /* Preview Assets.xcassets in Resources */ = {isa = PBXBuildFile; fileRef = 43332E2028EB3D2C006E017B /* Preview Assets.xcassets */; };
		43332E2828EB3DD0006E017B /* GoogleService-Info.plist in Resources */ = {isa = PBXBuildFile; fileRef = 43332E2728EB3DCF006E017B /* GoogleService-Info.plist */; };
		43332E3328EB3F20006E017B /* SubViews.swift in Sources */ = {isa = PBXBuildFile; fileRef = 43332E3228EB3F20006E017B /* SubViews.swift */; };
		43332E3428EB3F76006E017B /* Localizable.strings in Resources */ = {isa = PBXBuildFile; fileRef = 43332E3628EB3F76006E017B /* Localizable.strings */; };
		43332E3928EB422F006E017B /* LoginViewModel.swift in Sources */ = {isa = PBXBuildFile; fileRef = 43332E3828EB422F006E017B /* LoginViewModel.swift */; };
		43332E3B28EB4638006E017B /* LoginView.swift in Sources */ = {isa = PBXBuildFile; fileRef = 43332E3A28EB4638006E017B /* LoginView.swift */; };
		43332E3E28EB4FE6006E017B /* MemoryListView.swift in Sources */ = {isa = PBXBuildFile; fileRef = 43332E3D28EB4FE6006E017B /* MemoryListView.swift */; };
		43332E4028EB5155006E017B /* NewMemoryView.swift in Sources */ = {isa = PBXBuildFile; fileRef = 43332E3F28EB5155006E017B /* NewMemoryView.swift */; };
		43332E4328EB5D92006E017B /* AlertToast in Frameworks */ = {isa = PBXBuildFile; productRef = 43332E4228EB5D92006E017B /* AlertToast */; };
		4339D38E28EC2D5800F673D3 /* CachedAsyncImage in Frameworks */ = {isa = PBXBuildFile; productRef = 4339D38D28EC2D5800F673D3 /* CachedAsyncImage */; };
		4339D39128ECD0F800F673D3 /* FYVideoCompressor in Frameworks */ = {isa = PBXBuildFile; productRef = 4339D39028ECD0F800F673D3 /* FYVideoCompressor */; };
		433EBD7D28EF1FF6008C1220 /* FirebaseAuth in Frameworks */ = {isa = PBXBuildFile; productRef = 433EBD7C28EF1FF6008C1220 /* FirebaseAuth */; };
		433EBD7F28EF1FF6008C1220 /* FirebaseDynamicLinks in Frameworks */ = {isa = PBXBuildFile; productRef = 433EBD7E28EF1FF6008C1220 /* FirebaseDynamicLinks */; };
		433EBD8128EF1FF6008C1220 /* FirebaseFirestore in Frameworks */ = {isa = PBXBuildFile; productRef = 433EBD8028EF1FF6008C1220 /* FirebaseFirestore */; };
		433EBD8328EF1FF6008C1220 /* FirebaseStorage in Frameworks */ = {isa = PBXBuildFile; productRef = 433EBD8228EF1FF6008C1220 /* FirebaseStorage */; };
		439C0F0828EB7CBB004BC325 /* ImagePicker.swift in Sources */ = {isa = PBXBuildFile; fileRef = 439C0F0728EB7CBB004BC325 /* ImagePicker.swift */; };
		439C0F0C28EB9E46004BC325 /* ViewModel.swift in Sources */ = {isa = PBXBuildFile; fileRef = 439C0F0B28EB9E46004BC325 /* ViewModel.swift */; };
/* End PBXBuildFile section */

/* Begin PBXFileReference section */
		43332E1628EB3D2B006E017B /* Memories.app */ = {isa = PBXFileReference; explicitFileType = wrapper.application; includeInIndex = 0; path = Memories.app; sourceTree = BUILT_PRODUCTS_DIR; };
		43332E1928EB3D2B006E017B /* MemoriesApp.swift */ = {isa = PBXFileReference; lastKnownFileType = sourcecode.swift; path = MemoriesApp.swift; sourceTree = "<group>"; };
		43332E1B28EB3D2B006E017B /* ContentView.swift */ = {isa = PBXFileReference; lastKnownFileType = sourcecode.swift; path = ContentView.swift; sourceTree = "<group>"; };
		43332E1D28EB3D2C006E017B /* Assets.xcassets */ = {isa = PBXFileReference; lastKnownFileType = folder.assetcatalog; path = Assets.xcassets; sourceTree = "<group>"; };
		43332E2028EB3D2C006E017B /* Preview Assets.xcassets */ = {isa = PBXFileReference; lastKnownFileType = folder.assetcatalog; path = "Preview Assets.xcassets"; sourceTree = "<group>"; };
		43332E2728EB3DCF006E017B /* GoogleService-Info.plist */ = {isa = PBXFileReference; fileEncoding = 4; lastKnownFileType = text.plist.xml; path = "GoogleService-Info.plist"; sourceTree = "<group>"; };
		43332E3228EB3F20006E017B /* SubViews.swift */ = {isa = PBXFileReference; lastKnownFileType = sourcecode.swift; name = SubViews.swift; path = ../../../Documents/SubViews.swift; sourceTree = "<group>"; };
		43332E3528EB3F76006E017B /* en */ = {isa = PBXFileReference; lastKnownFileType = text.plist.strings; name = en; path = en.lproj/Localizable.strings; sourceTree = "<group>"; };
		43332E3728EB3F78006E017B /* ru */ = {isa = PBXFileReference; lastKnownFileType = text.plist.strings; name = ru; path = ru.lproj/Localizable.strings; sourceTree = "<group>"; };
		43332E3828EB422F006E017B /* LoginViewModel.swift */ = {isa = PBXFileReference; lastKnownFileType = sourcecode.swift; path = LoginViewModel.swift; sourceTree = "<group>"; };
		43332E3A28EB4638006E017B /* LoginView.swift */ = {isa = PBXFileReference; lastKnownFileType = sourcecode.swift; path = LoginView.swift; sourceTree = "<group>"; };
		43332E3C28EB477B006E017B /* Memories.entitlements */ = {isa = PBXFileReference; lastKnownFileType = text.plist.entitlements; path = Memories.entitlements; sourceTree = "<group>"; };
		43332E3D28EB4FE6006E017B /* MemoryListView.swift */ = {isa = PBXFileReference; lastKnownFileType = sourcecode.swift; path = MemoryListView.swift; sourceTree = "<group>"; };
		43332E3F28EB5155006E017B /* NewMemoryView.swift */ = {isa = PBXFileReference; lastKnownFileType = sourcecode.swift; path = NewMemoryView.swift; sourceTree = "<group>"; };
		439C0F0728EB7CBB004BC325 /* ImagePicker.swift */ = {isa = PBXFileReference; lastKnownFileType = sourcecode.swift; path = ImagePicker.swift; sourceTree = "<group>"; };
		439C0F0B28EB9E46004BC325 /* ViewModel.swift */ = {isa = PBXFileReference; lastKnownFileType = sourcecode.swift; path = ViewModel.swift; sourceTree = "<group>"; };
/* End PBXFileReference section */

/* Begin PBXFrameworksBuildPhase section */
		43332E1328EB3D2B006E017B /* Frameworks */ = {
			isa = PBXFrameworksBuildPhase;
			buildActionMask = 2147483647;
			files = (
				4339D39128ECD0F800F673D3 /* FYVideoCompressor in Frameworks */,
				4339D38E28EC2D5800F673D3 /* CachedAsyncImage in Frameworks */,
				43332E4328EB5D92006E017B /* AlertToast in Frameworks */,
				433EBD7D28EF1FF6008C1220 /* FirebaseAuth in Frameworks */,
				433EBD8328EF1FF6008C1220 /* FirebaseStorage in Frameworks */,
				433EBD7F28EF1FF6008C1220 /* FirebaseDynamicLinks in Frameworks */,
				433EBD8128EF1FF6008C1220 /* FirebaseFirestore in Frameworks */,
			);
			runOnlyForDeploymentPostprocessing = 0;
		};
/* End PBXFrameworksBuildPhase section */

/* Begin PBXGroup section */
		43332E0D28EB3D2B006E017B = {
			isa = PBXGroup;
			children = (
				43332E1828EB3D2B006E017B /* Memories */,
				43332E1728EB3D2B006E017B /* Products */,
			);
			sourceTree = "<group>";
		};
		43332E1728EB3D2B006E017B /* Products */ = {
			isa = PBXGroup;
			children = (
				43332E1628EB3D2B006E017B /* Memories.app */,
			);
			name = Products;
			sourceTree = "<group>";
		};
		43332E1828EB3D2B006E017B /* Memories */ = {
			isa = PBXGroup;
			children = (
				43332E3C28EB477B006E017B /* Memories.entitlements */,
				43332E1928EB3D2B006E017B /* MemoriesApp.swift */,
				43332E1B28EB3D2B006E017B /* ContentView.swift */,
				43332E3A28EB4638006E017B /* LoginView.swift */,
				43332E3D28EB4FE6006E017B /* MemoryListView.swift */,
				43332E3F28EB5155006E017B /* NewMemoryView.swift */,
				43332E3228EB3F20006E017B /* SubViews.swift */,
				439C0F0728EB7CBB004BC325 /* ImagePicker.swift */,
				43332E3828EB422F006E017B /* LoginViewModel.swift */,
				439C0F0B28EB9E46004BC325 /* ViewModel.swift */,
				43332E2728EB3DCF006E017B /* GoogleService-Info.plist */,
				43332E1D28EB3D2C006E017B /* Assets.xcassets */,
				43332E3628EB3F76006E017B /* Localizable.strings */,
				43332E1F28EB3D2C006E017B /* Preview Content */,
			);
			path = Memories;
			sourceTree = "<group>";
		};
		43332E1F28EB3D2C006E017B /* Preview Content */ = {
			isa = PBXGroup;
			children = (
				43332E2028EB3D2C006E017B /* Preview Assets.xcassets */,
			);
			path = "Preview Content";
			sourceTree = "<group>";
		};
/* End PBXGroup section */

/* Begin PBXNativeTarget section */
		43332E1528EB3D2B006E017B /* Memories */ = {
			isa = PBXNativeTarget;
			buildConfigurationList = 43332E2428EB3D2C006E017B /* Build configuration list for PBXNativeTarget "Memories" */;
			buildPhases = (
				43332E1228EB3D2B006E017B /* Sources */,
				43332E1328EB3D2B006E017B /* Frameworks */,
				43332E1428EB3D2B006E017B /* Resources */,
			);
			buildRules = (
			);
			dependencies = (
			);
			name = Memories;
			packageProductDependencies = (
				43332E4228EB5D92006E017B /* AlertToast */,
				4339D38D28EC2D5800F673D3 /* CachedAsyncImage */,
				4339D39028ECD0F800F673D3 /* FYVideoCompressor */,
				433EBD7C28EF1FF6008C1220 /* FirebaseAuth */,
				433EBD7E28EF1FF6008C1220 /* FirebaseDynamicLinks */,
				433EBD8028EF1FF6008C1220 /* FirebaseFirestore */,
				433EBD8228EF1FF6008C1220 /* FirebaseStorage */,
			);
			productName = Memories;
			productReference = 43332E1628EB3D2B006E017B /* Memories.app */;
			productType = "com.apple.product-type.application";
		};
/* End PBXNativeTarget section */

/* Begin PBXProject section */
		43332E0E28EB3D2B006E017B /* Project object */ = {
			isa = PBXProject;
			attributes = {
				BuildIndependentTargetsInParallel = 1;
				LastSwiftUpdateCheck = 1400;
				LastUpgradeCheck = 1400;
				TargetAttributes = {
					43332E1528EB3D2B006E017B = {
						CreatedOnToolsVersion = 14.0.1;
					};
				};
			};
			buildConfigurationList = 43332E1128EB3D2B006E017B /* Build configuration list for PBXProject "Memories" */;
			compatibilityVersion = "Xcode 14.0";
			developmentRegion = en;
			hasScannedForEncodings = 0;
			knownRegions = (
				en,
				ru,
			);
			mainGroup = 43332E0D28EB3D2B006E017B;
			packageReferences = (
				43332E4128EB5D92006E017B /* XCRemoteSwiftPackageReference "AlertToast" */,
				4339D38C28EC2D5800F673D3 /* XCRemoteSwiftPackageReference "swiftui-cached-async-image" */,
				4339D38F28ECD0F800F673D3 /* XCRemoteSwiftPackageReference "FYVideoCompressor" */,
				433EBD7B28EF1FF6008C1220 /* XCRemoteSwiftPackageReference "firebase-ios-sdk" */,
			);
			productRefGroup = 43332E1728EB3D2B006E017B /* Products */;
			projectDirPath = "";
			projectRoot = "";
			targets = (
				43332E1528EB3D2B006E017B /* Memories */,
			);
		};
/* End PBXProject section */

/* Begin PBXResourcesBuildPhase section */
		43332E1428EB3D2B006E017B /* Resources */ = {
			isa = PBXResourcesBuildPhase;
			buildActionMask = 2147483647;
			files = (
				43332E2128EB3D2C006E017B /* Preview Assets.xcassets in Resources */,
				43332E3428EB3F76006E017B /* Localizable.strings in Resources */,
				43332E1E28EB3D2C006E017B /* Assets.xcassets in Resources */,
				43332E2828EB3DD0006E017B /* GoogleService-Info.plist in Resources */,
			);
			runOnlyForDeploymentPostprocessing = 0;
		};
/* End PBXResourcesBuildPhase section */

/* Begin PBXSourcesBuildPhase section */
		43332E1228EB3D2B006E017B /* Sources */ = {
			isa = PBXSourcesBuildPhase;
			buildActionMask = 2147483647;
			files = (
				43332E3928EB422F006E017B /* LoginViewModel.swift in Sources */,
				439C0F0C28EB9E46004BC325 /* ViewModel.swift in Sources */,
				43332E3E28EB4FE6006E017B /* MemoryListView.swift in Sources */,
				43332E1C28EB3D2B006E017B /* ContentView.swift in Sources */,
				43332E3328EB3F20006E017B /* SubViews.swift in Sources */,
				43332E3B28EB4638006E017B /* LoginView.swift in Sources */,
				439C0F0828EB7CBB004BC325 /* ImagePicker.swift in Sources */,
				43332E4028EB5155006E017B /* NewMemoryView.swift in Sources */,
				43332E1A28EB3D2B006E017B /* MemoriesApp.swift in Sources */,
			);
			runOnlyForDeploymentPostprocessing = 0;
		};
/* End PBXSourcesBuildPhase section */

/* Begin PBXVariantGroup section */
		43332E3628EB3F76006E017B /* Localizable.strings */ = {
			isa = PBXVariantGroup;
			children = (
				43332E3528EB3F76006E017B /* en */,
				43332E3728EB3F78006E017B /* ru */,
			);
			name = Localizable.strings;
			sourceTree = "<group>";
		};
/* End PBXVariantGroup section */

/* Begin XCBuildConfiguration section */
		43332E2228EB3D2C006E017B /* Debug */ = {
			isa = XCBuildConfiguration;
			buildSettings = {
				ALWAYS_SEARCH_USER_PATHS = NO;
				CLANG_ANALYZER_NONNULL = YES;
				CLANG_ANALYZER_NUMBER_OBJECT_CONVERSION = YES_AGGRESSIVE;
				CLANG_CXX_LANGUAGE_STANDARD = "gnu++20";
				CLANG_ENABLE_MODULES = YES;
				CLANG_ENABLE_OBJC_ARC = YES;
				CLANG_ENABLE_OBJC_WEAK = YES;
				CLANG_WARN_BLOCK_CAPTURE_AUTORELEASING = YES;
				CLANG_WARN_BOOL_CONVERSION = YES;
				CLANG_WARN_COMMA = YES;
				CLANG_WARN_CONSTANT_CONVERSION = YES;
				CLANG_WARN_DEPRECATED_OBJC_IMPLEMENTATIONS = YES;
				CLANG_WARN_DIRECT_OBJC_ISA_USAGE = YES_ERROR;
				CLANG_WARN_DOCUMENTATION_COMMENTS = YES;
				CLANG_WARN_EMPTY_BODY = YES;
				CLANG_WARN_ENUM_CONVERSION = YES;
				CLANG_WARN_INFINITE_RECURSION = YES;
				CLANG_WARN_INT_CONVERSION = YES;
				CLANG_WARN_NON_LITERAL_NULL_CONVERSION = YES;
				CLANG_WARN_OBJC_IMPLICIT_RETAIN_SELF = YES;
				CLANG_WARN_OBJC_LITERAL_CONVERSION = YES;
				CLANG_WARN_OBJC_ROOT_CLASS = YES_ERROR;
				CLANG_WARN_QUOTED_INCLUDE_IN_FRAMEWORK_HEADER = YES;
				CLANG_WARN_RANGE_LOOP_ANALYSIS = YES;
				CLANG_WARN_STRICT_PROTOTYPES = YES;
				CLANG_WARN_SUSPICIOUS_MOVE = YES;
				CLANG_WARN_UNGUARDED_AVAILABILITY = YES_AGGRESSIVE;
				CLANG_WARN_UNREACHABLE_CODE = YES;
				CLANG_WARN__DUPLICATE_METHOD_MATCH = YES;
				COPY_PHASE_STRIP = NO;
				DEBUG_INFORMATION_FORMAT = dwarf;
				ENABLE_STRICT_OBJC_MSGSEND = YES;
				ENABLE_TESTABILITY = YES;
				GCC_C_LANGUAGE_STANDARD = gnu11;
				GCC_DYNAMIC_NO_PIC = NO;
				GCC_NO_COMMON_BLOCKS = YES;
				GCC_OPTIMIZATION_LEVEL = 0;
				GCC_PREPROCESSOR_DEFINITIONS = (
					"DEBUG=1",
					"$(inherited)",
				);
				GCC_WARN_64_TO_32_BIT_CONVERSION = YES;
				GCC_WARN_ABOUT_RETURN_TYPE = YES_ERROR;
				GCC_WARN_UNDECLARED_SELECTOR = YES;
				GCC_WARN_UNINITIALIZED_AUTOS = YES_AGGRESSIVE;
				GCC_WARN_UNUSED_FUNCTION = YES;
				GCC_WARN_UNUSED_VARIABLE = YES;
				IPHONEOS_DEPLOYMENT_TARGET = 16.0;
				MTL_ENABLE_DEBUG_INFO = INCLUDE_SOURCE;
				MTL_FAST_MATH = YES;
				ONLY_ACTIVE_ARCH = YES;
				SDKROOT = iphoneos;
				SWIFT_ACTIVE_COMPILATION_CONDITIONS = DEBUG;
				SWIFT_OPTIMIZATION_LEVEL = "-Onone";
			};
			name = Debug;
		};
		43332E2328EB3D2C006E017B /* Release */ = {
			isa = XCBuildConfiguration;
			buildSettings = {
				ALWAYS_SEARCH_USER_PATHS = NO;
				CLANG_ANALYZER_NONNULL = YES;
				CLANG_ANALYZER_NUMBER_OBJECT_CONVERSION = YES_AGGRESSIVE;
				CLANG_CXX_LANGUAGE_STANDARD = "gnu++20";
				CLANG_ENABLE_MODULES = YES;
				CLANG_ENABLE_OBJC_ARC = YES;
				CLANG_ENABLE_OBJC_WEAK = YES;
				CLANG_WARN_BLOCK_CAPTURE_AUTORELEASING = YES;
				CLANG_WARN_BOOL_CONVERSION = YES;
				CLANG_WARN_COMMA = YES;
				CLANG_WARN_CONSTANT_CONVERSION = YES;
				CLANG_WARN_DEPRECATED_OBJC_IMPLEMENTATIONS = YES;
				CLANG_WARN_DIRECT_OBJC_ISA_USAGE = YES_ERROR;
				CLANG_WARN_DOCUMENTATION_COMMENTS = YES;
				CLANG_WARN_EMPTY_BODY = YES;
				CLANG_WARN_ENUM_CONVERSION = YES;
				CLANG_WARN_INFINITE_RECURSION = YES;
				CLANG_WARN_INT_CONVERSION = YES;
				CLANG_WARN_NON_LITERAL_NULL_CONVERSION = YES;
				CLANG_WARN_OBJC_IMPLICIT_RETAIN_SELF = YES;
				CLANG_WARN_OBJC_LITERAL_CONVERSION = YES;
				CLANG_WARN_OBJC_ROOT_CLASS = YES_ERROR;
				CLANG_WARN_QUOTED_INCLUDE_IN_FRAMEWORK_HEADER = YES;
				CLANG_WARN_RANGE_LOOP_ANALYSIS = YES;
				CLANG_WARN_STRICT_PROTOTYPES = YES;
				CLANG_WARN_SUSPICIOUS_MOVE = YES;
				CLANG_WARN_UNGUARDED_AVAILABILITY = YES_AGGRESSIVE;
				CLANG_WARN_UNREACHABLE_CODE = YES;
				CLANG_WARN__DUPLICATE_METHOD_MATCH = YES;
				COPY_PHASE_STRIP = NO;
				DEBUG_INFORMATION_FORMAT = "dwarf-with-dsym";
				ENABLE_NS_ASSERTIONS = NO;
				ENABLE_STRICT_OBJC_MSGSEND = YES;
				GCC_C_LANGUAGE_STANDARD = gnu11;
				GCC_NO_COMMON_BLOCKS = YES;
				GCC_WARN_64_TO_32_BIT_CONVERSION = YES;
				GCC_WARN_ABOUT_RETURN_TYPE = YES_ERROR;
				GCC_WARN_UNDECLARED_SELECTOR = YES;
				GCC_WARN_UNINITIALIZED_AUTOS = YES_AGGRESSIVE;
				GCC_WARN_UNUSED_FUNCTION = YES;
				GCC_WARN_UNUSED_VARIABLE = YES;
				IPHONEOS_DEPLOYMENT_TARGET = 16.0;
				MTL_ENABLE_DEBUG_INFO = NO;
				MTL_FAST_MATH = YES;
				SDKROOT = iphoneos;
				SWIFT_COMPILATION_MODE = wholemodule;
				SWIFT_OPTIMIZATION_LEVEL = "-O";
				VALIDATE_PRODUCT = YES;
			};
			name = Release;
		};
		43332E2528EB3D2C006E017B /* Debug */ = {
			isa = XCBuildConfiguration;
			buildSettings = {
				ASSETCATALOG_COMPILER_APPICON_NAME = AppIcon;
				ASSETCATALOG_COMPILER_GLOBAL_ACCENT_COLOR_NAME = AccentColor;
				CODE_SIGN_ENTITLEMENTS = Memories/Memories.entitlements;
				CODE_SIGN_STYLE = Automatic;
				CURRENT_PROJECT_VERSION = 1;
				DEVELOPMENT_ASSET_PATHS = "\"Memories/Preview Content\"";
				DEVELOPMENT_TEAM = CQ3SGH4DSY;
				ENABLE_PREVIEWS = YES;
				GENERATE_INFOPLIST_FILE = YES;
				INFOPLIST_KEY_NSPhotoLibraryUsageDescription = "Требуется доступ к галерее";
				INFOPLIST_KEY_UIApplicationSceneManifest_Generation = YES;
				INFOPLIST_KEY_UIApplicationSupportsIndirectInputEvents = YES;
				INFOPLIST_KEY_UILaunchScreen_Generation = YES;
				INFOPLIST_KEY_UISupportedInterfaceOrientations = UIInterfaceOrientationPortrait;
				INFOPLIST_KEY_UISupportedInterfaceOrientations_iPad = "UIInterfaceOrientationLandscapeLeft UIInterfaceOrientationLandscapeRight UIInterfaceOrientationPortrait UIInterfaceOrientationPortraitUpsideDown";
				IPHONEOS_DEPLOYMENT_TARGET = 15.0;
				LD_RUNPATH_SEARCH_PATHS = (
					"$(inherited)",
					"@executable_path/Frameworks",
				);
				MARKETING_VERSION = 1.0;
				PRODUCT_BUNDLE_IDENTIFIER = VN.Memories;
				PRODUCT_NAME = "$(TARGET_NAME)";
				SUPPORTED_PLATFORMS = "iphoneos iphonesimulator";
				SUPPORTS_MACCATALYST = NO;
				SUPPORTS_MAC_DESIGNED_FOR_IPHONE_IPAD = YES;
				SWIFT_EMIT_LOC_STRINGS = YES;
				SWIFT_VERSION = 5.0;
				TARGETED_DEVICE_FAMILY = 1;
			};
			name = Debug;
		};
		43332E2628EB3D2C006E017B /* Release */ = {
			isa = XCBuildConfiguration;
			buildSettings = {
				ASSETCATALOG_COMPILER_APPICON_NAME = AppIcon;
				ASSETCATALOG_COMPILER_GLOBAL_ACCENT_COLOR_NAME = AccentColor;
				CODE_SIGN_ENTITLEMENTS = Memories/Memories.entitlements;
				CODE_SIGN_STYLE = Automatic;
				CURRENT_PROJECT_VERSION = 1;
				DEVELOPMENT_ASSET_PATHS = "\"Memories/Preview Content\"";
				DEVELOPMENT_TEAM = CQ3SGH4DSY;
				ENABLE_PREVIEWS = YES;
				GENERATE_INFOPLIST_FILE = YES;
				INFOPLIST_KEY_NSPhotoLibraryUsageDescription = "Требуется доступ к галерее";
				INFOPLIST_KEY_UIApplicationSceneManifest_Generation = YES;
				INFOPLIST_KEY_UIApplicationSupportsIndirectInputEvents = YES;
				INFOPLIST_KEY_UILaunchScreen_Generation = YES;
				INFOPLIST_KEY_UISupportedInterfaceOrientations = UIInterfaceOrientationPortrait;
				INFOPLIST_KEY_UISupportedInterfaceOrientations_iPad = "UIInterfaceOrientationLandscapeLeft UIInterfaceOrientationLandscapeRight UIInterfaceOrientationPortrait UIInterfaceOrientationPortraitUpsideDown";
				IPHONEOS_DEPLOYMENT_TARGET = 15.0;
				LD_RUNPATH_SEARCH_PATHS = (
					"$(inherited)",
					"@executable_path/Frameworks",
				);
				MARKETING_VERSION = 1.0;
				PRODUCT_BUNDLE_IDENTIFIER = VN.Memories;
				PRODUCT_NAME = "$(TARGET_NAME)";
				SUPPORTED_PLATFORMS = "iphoneos iphonesimulator";
				SUPPORTS_MACCATALYST = NO;
				SUPPORTS_MAC_DESIGNED_FOR_IPHONE_IPAD = YES;
				SWIFT_EMIT_LOC_STRINGS = YES;
				SWIFT_VERSION = 5.0;
				TARGETED_DEVICE_FAMILY = 1;
			};
			name = Release;
		};
/* End XCBuildConfiguration section */

/* Begin XCConfigurationList section */
		43332E1128EB3D2B006E017B /* Build configuration list for PBXProject "Memories" */ = {
			isa = XCConfigurationList;
			buildConfigurations = (
				43332E2228EB3D2C006E017B /* Debug */,
				43332E2328EB3D2C006E017B /* Release */,
			);
			defaultConfigurationIsVisible = 0;
			defaultConfigurationName = Release;
		};
		43332E2428EB3D2C006E017B /* Build configuration list for PBXNativeTarget "Memories" */ = {
			isa = XCConfigurationList;
			buildConfigurations = (
				43332E2528EB3D2C006E017B /* Debug */,
				43332E2628EB3D2C006E017B /* Release */,
			);
			defaultConfigurationIsVisible = 0;
			defaultConfigurationName = Release;
		};
/* End XCConfigurationList section */

/* Begin XCRemoteSwiftPackageReference section */
		43332E4128EB5D92006E017B /* XCRemoteSwiftPackageReference "AlertToast" */ = {
			isa = XCRemoteSwiftPackageReference;
			repositoryURL = "https://github.com/elai950/AlertToast";
			requirement = {
				kind = upToNextMajorVersion;
				minimumVersion = 1.0.0;
			};
		};
		4339D38C28EC2D5800F673D3 /* XCRemoteSwiftPackageReference "swiftui-cached-async-image" */ = {
			isa = XCRemoteSwiftPackageReference;
			repositoryURL = "https://github.com/lorenzofiamingo/swiftui-cached-async-image";
			requirement = {
				kind = upToNextMajorVersion;
				minimumVersion = 2.0.0;
			};
		};
		4339D38F28ECD0F800F673D3 /* XCRemoteSwiftPackageReference "FYVideoCompressor" */ = {
			isa = XCRemoteSwiftPackageReference;
			repositoryURL = "https://github.com/T2Je/FYVideoCompressor?ref=iosexample.com";
			requirement = {
				kind = upToNextMajorVersion;
				minimumVersion = 0.0.8;
			};
		};
		433EBD7B28EF1FF6008C1220 /* XCRemoteSwiftPackageReference "firebase-ios-sdk" */ = {
			isa = XCRemoteSwiftPackageReference;
			repositoryURL = "https://github.com/firebase/firebase-ios-sdk";
			requirement = {
				kind = upToNextMajorVersion;
				minimumVersion = 9.0.0;
			};
		};
/* End XCRemoteSwiftPackageReference section */

/* Begin XCSwiftPackageProductDependency section */
		43332E4228EB5D92006E017B /* AlertToast */ = {
			isa = XCSwiftPackageProductDependency;
			package = 43332E4128EB5D92006E017B /* XCRemoteSwiftPackageReference "AlertToast" */;
			productName = AlertToast;
		};
		4339D38D28EC2D5800F673D3 /* CachedAsyncImage */ = {
			isa = XCSwiftPackageProductDependency;
			package = 4339D38C28EC2D5800F673D3 /* XCRemoteSwiftPackageReference "swiftui-cached-async-image" */;
			productName = CachedAsyncImage;
		};
		4339D39028ECD0F800F673D3 /* FYVideoCompressor */ = {
			isa = XCSwiftPackageProductDependency;
			package = 4339D38F28ECD0F800F673D3 /* XCRemoteSwiftPackageReference "FYVideoCompressor" */;
			productName = FYVideoCompressor;
		};
		433EBD7C28EF1FF6008C1220 /* FirebaseAuth */ = {
			isa = XCSwiftPackageProductDependency;
			package = 433EBD7B28EF1FF6008C1220 /* XCRemoteSwiftPackageReference "firebase-ios-sdk" */;
			productName = FirebaseAuth;
		};
		433EBD7E28EF1FF6008C1220 /* FirebaseDynamicLinks */ = {
			isa = XCSwiftPackageProductDependency;
			package = 433EBD7B28EF1FF6008C1220 /* XCRemoteSwiftPackageReference "firebase-ios-sdk" */;
			productName = FirebaseDynamicLinks;
		};
		433EBD8028EF1FF6008C1220 /* FirebaseFirestore */ = {
			isa = XCSwiftPackageProductDependency;
			package = 433EBD7B28EF1FF6008C1220 /* XCRemoteSwiftPackageReference "firebase-ios-sdk" */;
			productName = FirebaseFirestore;
		};
		433EBD8228EF1FF6008C1220 /* FirebaseStorage */ = {
			isa = XCSwiftPackageProductDependency;
			package = 433EBD7B28EF1FF6008C1220 /* XCRemoteSwiftPackageReference "firebase-ios-sdk" */;
			productName = FirebaseStorage;
		};
/* End XCSwiftPackageProductDependency section */
	};
	rootObject = 43332E0E28EB3D2B006E017B /* Project object */;
}
