// !$*UTF8*$!
{
	archiveVersion = 1;
	classes = {
	};
	objectVersion = 56;
	objects = {

/* Begin PBXBuildFile section */
		432C678D28F9E7D200A7A9F2 /* Launch Screen.storyboard in Resources */ = {isa = PBXBuildFile; fileRef = 432C678C28F9E7D200A7A9F2 /* Launch Screen.storyboard */; };
		432C679528F9F09300A7A9F2 /* WidgetKit.framework in Frameworks */ = {isa = PBXBuildFile; fileRef = 432C679428F9F09300A7A9F2 /* WidgetKit.framework */; };
		432C679728F9F09300A7A9F2 /* SwiftUI.framework in Frameworks */ = {isa = PBXBuildFile; fileRef = 432C679628F9F09300A7A9F2 /* SwiftUI.framework */; };
		432C679A28F9F09300A7A9F2 /* RandomWidget.swift in Sources */ = {isa = PBXBuildFile; fileRef = 432C679928F9F09300A7A9F2 /* RandomWidget.swift */; };
		432C679C28F9F09400A7A9F2 /* Assets.xcassets in Resources */ = {isa = PBXBuildFile; fileRef = 432C679B28F9F09400A7A9F2 /* Assets.xcassets */; };
		432C67A028F9F09400A7A9F2 /* RandomWidgetExtension.appex in Embed Foundation Extensions */ = {isa = PBXBuildFile; fileRef = 432C679228F9F09300A7A9F2 /* RandomWidgetExtension.appex */; settings = {ATTRIBUTES = (RemoveHeadersOnCopy, ); }; };
		432C67A528F9F0AF00A7A9F2 /* FirebaseAuth in Frameworks */ = {isa = PBXBuildFile; productRef = 432C67A428F9F0AF00A7A9F2 /* FirebaseAuth */; };
		432C67A728F9F0AF00A7A9F2 /* FirebaseFirestore in Frameworks */ = {isa = PBXBuildFile; productRef = 432C67A628F9F0AF00A7A9F2 /* FirebaseFirestore */; };
		432C67A928F9F0AF00A7A9F2 /* FirebaseStorage in Frameworks */ = {isa = PBXBuildFile; productRef = 432C67A828F9F0AF00A7A9F2 /* FirebaseStorage */; };
		432C67AA28F9F10E00A7A9F2 /* ViewModel.swift in Sources */ = {isa = PBXBuildFile; fileRef = 439C0F0B28EB9E46004BC325 /* ViewModel.swift */; };
		432C67AC28F9F2DB00A7A9F2 /* GoogleService-Info.plist in Resources */ = {isa = PBXBuildFile; fileRef = 4335C56B28F22CE7005BB3A3 /* GoogleService-Info.plist */; };
		432C67AE28F9F70D00A7A9F2 /* Kingfisher in Frameworks */ = {isa = PBXBuildFile; productRef = 432C67AD28F9F70D00A7A9F2 /* Kingfisher */; };
		432C67AF28F9F76900A7A9F2 /* CustomViews.swift in Sources */ = {isa = PBXBuildFile; fileRef = 43332E3228EB3F20006E017B /* CustomViews.swift */; };
		43332E1A28EB3D2B006E017B /* MemoriesApp.swift in Sources */ = {isa = PBXBuildFile; fileRef = 43332E1928EB3D2B006E017B /* MemoriesApp.swift */; };
		43332E1C28EB3D2B006E017B /* ContentView.swift in Sources */ = {isa = PBXBuildFile; fileRef = 43332E1B28EB3D2B006E017B /* ContentView.swift */; };
		43332E1E28EB3D2C006E017B /* Assets.xcassets in Resources */ = {isa = PBXBuildFile; fileRef = 43332E1D28EB3D2C006E017B /* Assets.xcassets */; };
		43332E2128EB3D2C006E017B /* Preview Assets.xcassets in Resources */ = {isa = PBXBuildFile; fileRef = 43332E2028EB3D2C006E017B /* Preview Assets.xcassets */; };
		43332E3328EB3F20006E017B /* CustomViews.swift in Sources */ = {isa = PBXBuildFile; fileRef = 43332E3228EB3F20006E017B /* CustomViews.swift */; };
		43332E3428EB3F76006E017B /* Localizable.strings in Resources */ = {isa = PBXBuildFile; fileRef = 43332E3628EB3F76006E017B /* Localizable.strings */; };
		43332E3928EB422F006E017B /* LoginViewModel.swift in Sources */ = {isa = PBXBuildFile; fileRef = 43332E3828EB422F006E017B /* LoginViewModel.swift */; };
		43332E3B28EB4638006E017B /* LoginView.swift in Sources */ = {isa = PBXBuildFile; fileRef = 43332E3A28EB4638006E017B /* LoginView.swift */; };
		43332E3E28EB4FE6006E017B /* MemoryListView.swift in Sources */ = {isa = PBXBuildFile; fileRef = 43332E3D28EB4FE6006E017B /* MemoryListView.swift */; };
		43332E4028EB5155006E017B /* New+EditMemoryView.swift in Sources */ = {isa = PBXBuildFile; fileRef = 43332E3F28EB5155006E017B /* New+EditMemoryView.swift */; };
		43332E4328EB5D92006E017B /* AlertToast in Frameworks */ = {isa = PBXBuildFile; productRef = 43332E4228EB5D92006E017B /* AlertToast */; };
		4335C56C28F22CE7005BB3A3 /* GoogleService-Info.plist in Resources */ = {isa = PBXBuildFile; fileRef = 4335C56B28F22CE7005BB3A3 /* GoogleService-Info.plist */; };
		433EBD7D28EF1FF6008C1220 /* FirebaseAuth in Frameworks */ = {isa = PBXBuildFile; productRef = 433EBD7C28EF1FF6008C1220 /* FirebaseAuth */; };
		433EBD7F28EF1FF6008C1220 /* FirebaseDynamicLinks in Frameworks */ = {isa = PBXBuildFile; productRef = 433EBD7E28EF1FF6008C1220 /* FirebaseDynamicLinks */; };
		433EBD8128EF1FF6008C1220 /* FirebaseFirestore in Frameworks */ = {isa = PBXBuildFile; productRef = 433EBD8028EF1FF6008C1220 /* FirebaseFirestore */; };
		433EBD8328EF1FF6008C1220 /* FirebaseStorage in Frameworks */ = {isa = PBXBuildFile; productRef = 433EBD8228EF1FF6008C1220 /* FirebaseStorage */; };
		433F039528F8B0910005F21D /* LightCompressor in Frameworks */ = {isa = PBXBuildFile; productRef = 433F039428F8B0910005F21D /* LightCompressor */; };
		438C088828F1969400F07D40 /* CachedAsyncImage in Frameworks */ = {isa = PBXBuildFile; productRef = 438C088728F1969400F07D40 /* CachedAsyncImage */; };
		438C089628F1B48800F07D40 /* Kingfisher in Frameworks */ = {isa = PBXBuildFile; productRef = 438C089528F1B48800F07D40 /* Kingfisher */; };
		439C0F0828EB7CBB004BC325 /* ImagePicker.swift in Sources */ = {isa = PBXBuildFile; fileRef = 439C0F0728EB7CBB004BC325 /* ImagePicker.swift */; };
		439C0F0C28EB9E46004BC325 /* ViewModel.swift in Sources */ = {isa = PBXBuildFile; fileRef = 439C0F0B28EB9E46004BC325 /* ViewModel.swift */; };
		43A56CD028FC6EBE00AE7883 /* StoreViewModel.swift in Sources */ = {isa = PBXBuildFile; fileRef = 43A56CCF28FC6EBE00AE7883 /* StoreViewModel.swift */; };
		43A56CD428FC6FE100AE7883 /* StoreConfiguration.storekit in Resources */ = {isa = PBXBuildFile; fileRef = 43A56CD328FC6FE100AE7883 /* StoreConfiguration.storekit */; };
		43A56CD628FC70E700AE7883 /* ProVersionView.swift in Sources */ = {isa = PBXBuildFile; fileRef = 43A56CD528FC70E700AE7883 /* ProVersionView.swift */; };
/* End PBXBuildFile section */

/* Begin PBXContainerItemProxy section */
		432C679E28F9F09400A7A9F2 /* PBXContainerItemProxy */ = {
			isa = PBXContainerItemProxy;
			containerPortal = 43332E0E28EB3D2B006E017B /* Project object */;
			proxyType = 1;
			remoteGlobalIDString = 432C679128F9F09300A7A9F2;
			remoteInfo = RandomWidgetExtension;
		};
/* End PBXContainerItemProxy section */

/* Begin PBXCopyFilesBuildPhase section */
		434771C828F5DF5300BE0214 /* Embed Foundation Extensions */ = {
			isa = PBXCopyFilesBuildPhase;
			buildActionMask = 2147483647;
			dstPath = "";
			dstSubfolderSpec = 13;
			files = (
				432C67A028F9F09400A7A9F2 /* RandomWidgetExtension.appex in Embed Foundation Extensions */,
			);
			name = "Embed Foundation Extensions";
			runOnlyForDeploymentPostprocessing = 0;
		};
/* End PBXCopyFilesBuildPhase section */

/* Begin PBXFileReference section */
		432C678C28F9E7D200A7A9F2 /* Launch Screen.storyboard */ = {isa = PBXFileReference; lastKnownFileType = file.storyboard; path = "Launch Screen.storyboard"; sourceTree = "<group>"; };
		432C679228F9F09300A7A9F2 /* RandomWidgetExtension.appex */ = {isa = PBXFileReference; explicitFileType = "wrapper.app-extension"; includeInIndex = 0; path = RandomWidgetExtension.appex; sourceTree = BUILT_PRODUCTS_DIR; };
		432C679428F9F09300A7A9F2 /* WidgetKit.framework */ = {isa = PBXFileReference; lastKnownFileType = wrapper.framework; name = WidgetKit.framework; path = System/Library/Frameworks/WidgetKit.framework; sourceTree = SDKROOT; };
		432C679628F9F09300A7A9F2 /* SwiftUI.framework */ = {isa = PBXFileReference; lastKnownFileType = wrapper.framework; name = SwiftUI.framework; path = System/Library/Frameworks/SwiftUI.framework; sourceTree = SDKROOT; };
		432C679928F9F09300A7A9F2 /* RandomWidget.swift */ = {isa = PBXFileReference; lastKnownFileType = sourcecode.swift; path = RandomWidget.swift; sourceTree = "<group>"; };
		432C679B28F9F09400A7A9F2 /* Assets.xcassets */ = {isa = PBXFileReference; lastKnownFileType = folder.assetcatalog; path = Assets.xcassets; sourceTree = "<group>"; };
		432C679D28F9F09400A7A9F2 /* Info.plist */ = {isa = PBXFileReference; lastKnownFileType = text.plist.xml; path = Info.plist; sourceTree = "<group>"; };
		432C67AB28F9F2C100A7A9F2 /* RandomWidgetExtension.entitlements */ = {isa = PBXFileReference; lastKnownFileType = text.plist.entitlements; path = RandomWidgetExtension.entitlements; sourceTree = "<group>"; };
		43332E1628EB3D2B006E017B /* Memories.app */ = {isa = PBXFileReference; explicitFileType = wrapper.application; includeInIndex = 0; path = Memories.app; sourceTree = BUILT_PRODUCTS_DIR; };
		43332E1928EB3D2B006E017B /* MemoriesApp.swift */ = {isa = PBXFileReference; lastKnownFileType = sourcecode.swift; path = MemoriesApp.swift; sourceTree = "<group>"; };
		43332E1B28EB3D2B006E017B /* ContentView.swift */ = {isa = PBXFileReference; lastKnownFileType = sourcecode.swift; path = ContentView.swift; sourceTree = "<group>"; };
		43332E1D28EB3D2C006E017B /* Assets.xcassets */ = {isa = PBXFileReference; lastKnownFileType = folder.assetcatalog; path = Assets.xcassets; sourceTree = "<group>"; };
		43332E2028EB3D2C006E017B /* Preview Assets.xcassets */ = {isa = PBXFileReference; lastKnownFileType = folder.assetcatalog; path = "Preview Assets.xcassets"; sourceTree = "<group>"; };
		43332E3228EB3F20006E017B /* CustomViews.swift */ = {isa = PBXFileReference; lastKnownFileType = sourcecode.swift; name = CustomViews.swift; path = ../../../Documents/CustomViews.swift; sourceTree = "<group>"; };
		43332E3528EB3F76006E017B /* en */ = {isa = PBXFileReference; lastKnownFileType = text.plist.strings; name = en; path = en.lproj/Localizable.strings; sourceTree = "<group>"; };
		43332E3728EB3F78006E017B /* ru */ = {isa = PBXFileReference; lastKnownFileType = text.plist.strings; name = ru; path = ru.lproj/Localizable.strings; sourceTree = "<group>"; };
		43332E3828EB422F006E017B /* LoginViewModel.swift */ = {isa = PBXFileReference; lastKnownFileType = sourcecode.swift; path = LoginViewModel.swift; sourceTree = "<group>"; };
		43332E3A28EB4638006E017B /* LoginView.swift */ = {isa = PBXFileReference; lastKnownFileType = sourcecode.swift; path = LoginView.swift; sourceTree = "<group>"; };
		43332E3C28EB477B006E017B /* Memories.entitlements */ = {isa = PBXFileReference; lastKnownFileType = text.plist.entitlements; path = Memories.entitlements; sourceTree = "<group>"; };
		43332E3D28EB4FE6006E017B /* MemoryListView.swift */ = {isa = PBXFileReference; lastKnownFileType = sourcecode.swift; path = MemoryListView.swift; sourceTree = "<group>"; };
		43332E3F28EB5155006E017B /* New+EditMemoryView.swift */ = {isa = PBXFileReference; lastKnownFileType = sourcecode.swift; path = "New+EditMemoryView.swift"; sourceTree = "<group>"; };
		4335C56B28F22CE7005BB3A3 /* GoogleService-Info.plist */ = {isa = PBXFileReference; fileEncoding = 4; lastKnownFileType = text.plist.xml; path = "GoogleService-Info.plist"; sourceTree = "<group>"; };
		434771D328F5E5FB00BE0214 /* MemoryWidgetExtension.entitlements */ = {isa = PBXFileReference; lastKnownFileType = text.plist.entitlements; path = MemoryWidgetExtension.entitlements; sourceTree = "<group>"; };
		439C0F0728EB7CBB004BC325 /* ImagePicker.swift */ = {isa = PBXFileReference; lastKnownFileType = sourcecode.swift; path = ImagePicker.swift; sourceTree = "<group>"; };
		439C0F0B28EB9E46004BC325 /* ViewModel.swift */ = {isa = PBXFileReference; lastKnownFileType = sourcecode.swift; path = ViewModel.swift; sourceTree = "<group>"; };
		43A56CCF28FC6EBE00AE7883 /* StoreViewModel.swift */ = {isa = PBXFileReference; lastKnownFileType = sourcecode.swift; path = StoreViewModel.swift; sourceTree = "<group>"; };
		43A56CD328FC6FE100AE7883 /* StoreConfiguration.storekit */ = {isa = PBXFileReference; lastKnownFileType = text; path = StoreConfiguration.storekit; sourceTree = "<group>"; };
		43A56CD528FC70E700AE7883 /* ProVersionView.swift */ = {isa = PBXFileReference; lastKnownFileType = sourcecode.swift; path = ProVersionView.swift; sourceTree = "<group>"; };
/* End PBXFileReference section */

/* Begin PBXFrameworksBuildPhase section */
		432C678F28F9F09300A7A9F2 /* Frameworks */ = {
			isa = PBXFrameworksBuildPhase;
			buildActionMask = 2147483647;
			files = (
				432C67AE28F9F70D00A7A9F2 /* Kingfisher in Frameworks */,
				432C679728F9F09300A7A9F2 /* SwiftUI.framework in Frameworks */,
				432C67A728F9F0AF00A7A9F2 /* FirebaseFirestore in Frameworks */,
				432C67A528F9F0AF00A7A9F2 /* FirebaseAuth in Frameworks */,
				432C67A928F9F0AF00A7A9F2 /* FirebaseStorage in Frameworks */,
				432C679528F9F09300A7A9F2 /* WidgetKit.framework in Frameworks */,
			);
			runOnlyForDeploymentPostprocessing = 0;
		};
		43332E1328EB3D2B006E017B /* Frameworks */ = {
			isa = PBXFrameworksBuildPhase;
			buildActionMask = 2147483647;
			files = (
				43332E4328EB5D92006E017B /* AlertToast in Frameworks */,
				433EBD7D28EF1FF6008C1220 /* FirebaseAuth in Frameworks */,
				438C089628F1B48800F07D40 /* Kingfisher in Frameworks */,
				433EBD8328EF1FF6008C1220 /* FirebaseStorage in Frameworks */,
				433F039528F8B0910005F21D /* LightCompressor in Frameworks */,
				438C088828F1969400F07D40 /* CachedAsyncImage in Frameworks */,
				433EBD7F28EF1FF6008C1220 /* FirebaseDynamicLinks in Frameworks */,
				433EBD8128EF1FF6008C1220 /* FirebaseFirestore in Frameworks */,
			);
			runOnlyForDeploymentPostprocessing = 0;
		};
/* End PBXFrameworksBuildPhase section */

/* Begin PBXGroup section */
		432C679328F9F09300A7A9F2 /* Frameworks */ = {
			isa = PBXGroup;
			children = (
				432C679428F9F09300A7A9F2 /* WidgetKit.framework */,
				432C679628F9F09300A7A9F2 /* SwiftUI.framework */,
			);
			name = Frameworks;
			sourceTree = "<group>";
		};
		432C679828F9F09300A7A9F2 /* RandomWidget */ = {
			isa = PBXGroup;
			children = (
				432C679928F9F09300A7A9F2 /* RandomWidget.swift */,
				432C679B28F9F09400A7A9F2 /* Assets.xcassets */,
				432C679D28F9F09400A7A9F2 /* Info.plist */,
			);
			path = RandomWidget;
			sourceTree = "<group>";
		};
		43332E0D28EB3D2B006E017B = {
			isa = PBXGroup;
			children = (
				432C67AB28F9F2C100A7A9F2 /* RandomWidgetExtension.entitlements */,
				434771D328F5E5FB00BE0214 /* MemoryWidgetExtension.entitlements */,
				43332E1828EB3D2B006E017B /* Memories */,
				432C679828F9F09300A7A9F2 /* RandomWidget */,
				432C679328F9F09300A7A9F2 /* Frameworks */,
				43332E1728EB3D2B006E017B /* Products */,
			);
			sourceTree = "<group>";
		};
		43332E1728EB3D2B006E017B /* Products */ = {
			isa = PBXGroup;
			children = (
				43332E1628EB3D2B006E017B /* Memories.app */,
				432C679228F9F09300A7A9F2 /* RandomWidgetExtension.appex */,
			);
			name = Products;
			sourceTree = "<group>";
		};
		43332E1828EB3D2B006E017B /* Memories */ = {
			isa = PBXGroup;
			children = (
				43332E3C28EB477B006E017B /* Memories.entitlements */,
				43332E1928EB3D2B006E017B /* MemoriesApp.swift */,
				43332E1B28EB3D2B006E017B /* ContentView.swift */,
				43332E3A28EB4638006E017B /* LoginView.swift */,
				43693DBC28F4CFC8001DD10F /* Memory */,
				43332E3228EB3F20006E017B /* CustomViews.swift */,
				439C0F0728EB7CBB004BC325 /* ImagePicker.swift */,
				43A56CD528FC70E700AE7883 /* ProVersionView.swift */,
				43693DBD28F4D249001DD10F /* View Models */,
				4335C56B28F22CE7005BB3A3 /* GoogleService-Info.plist */,
				43332E1D28EB3D2C006E017B /* Assets.xcassets */,
				432C678C28F9E7D200A7A9F2 /* Launch Screen.storyboard */,
				43A56CD328FC6FE100AE7883 /* StoreConfiguration.storekit */,
				43332E3628EB3F76006E017B /* Localizable.strings */,
				43332E1F28EB3D2C006E017B /* Preview Content */,
			);
			path = Memories;
			sourceTree = "<group>";
		};
		43332E1F28EB3D2C006E017B /* Preview Content */ = {
			isa = PBXGroup;
			children = (
				43332E2028EB3D2C006E017B /* Preview Assets.xcassets */,
			);
			path = "Preview Content";
			sourceTree = "<group>";
		};
		43693DBC28F4CFC8001DD10F /* Memory */ = {
			isa = PBXGroup;
			children = (
				43332E3D28EB4FE6006E017B /* MemoryListView.swift */,
				43332E3F28EB5155006E017B /* New+EditMemoryView.swift */,
			);
			path = Memory;
			sourceTree = "<group>";
		};
		43693DBD28F4D249001DD10F /* View Models */ = {
			isa = PBXGroup;
			children = (
				439C0F0B28EB9E46004BC325 /* ViewModel.swift */,
				43332E3828EB422F006E017B /* LoginViewModel.swift */,
				43A56CCF28FC6EBE00AE7883 /* StoreViewModel.swift */,
			);
			path = "View Models";
			sourceTree = "<group>";
		};
/* End PBXGroup section */

/* Begin PBXNativeTarget section */
		432C679128F9F09300A7A9F2 /* RandomWidgetExtension */ = {
			isa = PBXNativeTarget;
			buildConfigurationList = 432C67A128F9F09400A7A9F2 /* Build configuration list for PBXNativeTarget "RandomWidgetExtension" */;
			buildPhases = (
				432C678E28F9F09300A7A9F2 /* Sources */,
				432C678F28F9F09300A7A9F2 /* Frameworks */,
				432C679028F9F09300A7A9F2 /* Resources */,
			);
			buildRules = (
			);
			dependencies = (
			);
			name = RandomWidgetExtension;
			packageProductDependencies = (
				432C67A428F9F0AF00A7A9F2 /* FirebaseAuth */,
				432C67A628F9F0AF00A7A9F2 /* FirebaseFirestore */,
				432C67A828F9F0AF00A7A9F2 /* FirebaseStorage */,
				432C67AD28F9F70D00A7A9F2 /* Kingfisher */,
			);
			productName = RandomWidgetExtension;
			productReference = 432C679228F9F09300A7A9F2 /* RandomWidgetExtension.appex */;
			productType = "com.apple.product-type.app-extension";
		};
		43332E1528EB3D2B006E017B /* Memories */ = {
			isa = PBXNativeTarget;
			buildConfigurationList = 43332E2428EB3D2C006E017B /* Build configuration list for PBXNativeTarget "Memories" */;
			buildPhases = (
				43332E1228EB3D2B006E017B /* Sources */,
				43332E1328EB3D2B006E017B /* Frameworks */,
				43332E1428EB3D2B006E017B /* Resources */,
				434771C828F5DF5300BE0214 /* Embed Foundation Extensions */,
			);
			buildRules = (
			);
			dependencies = (
				432C679F28F9F09400A7A9F2 /* PBXTargetDependency */,
			);
			name = Memories;
			packageProductDependencies = (
				43332E4228EB5D92006E017B /* AlertToast */,
				433EBD7C28EF1FF6008C1220 /* FirebaseAuth */,
				433EBD7E28EF1FF6008C1220 /* FirebaseDynamicLinks */,
				433EBD8028EF1FF6008C1220 /* FirebaseFirestore */,
				433EBD8228EF1FF6008C1220 /* FirebaseStorage */,
				438C088728F1969400F07D40 /* CachedAsyncImage */,
				438C089528F1B48800F07D40 /* Kingfisher */,
				433F039428F8B0910005F21D /* LightCompressor */,
			);
			productName = Memories;
			productReference = 43332E1628EB3D2B006E017B /* Memories.app */;
			productType = "com.apple.product-type.application";
		};
/* End PBXNativeTarget section */

/* Begin PBXProject section */
		43332E0E28EB3D2B006E017B /* Project object */ = {
			isa = PBXProject;
			attributes = {
				BuildIndependentTargetsInParallel = 1;
				LastSwiftUpdateCheck = 1400;
				LastUpgradeCheck = 1400;
				TargetAttributes = {
					432C679128F9F09300A7A9F2 = {
						CreatedOnToolsVersion = 14.0.1;
					};
					43332E1528EB3D2B006E017B = {
						CreatedOnToolsVersion = 14.0.1;
					};
				};
			};
			buildConfigurationList = 43332E1128EB3D2B006E017B /* Build configuration list for PBXProject "Memories" */;
			compatibilityVersion = "Xcode 14.0";
			developmentRegion = en;
			hasScannedForEncodings = 0;
			knownRegions = (
				en,
				ru,
			);
			mainGroup = 43332E0D28EB3D2B006E017B;
			packageReferences = (
				43332E4128EB5D92006E017B /* XCRemoteSwiftPackageReference "AlertToast" */,
				433EBD7B28EF1FF6008C1220 /* XCRemoteSwiftPackageReference "firebase-ios-sdk" */,
				438C088628F1969400F07D40 /* XCRemoteSwiftPackageReference "swiftui-cached-async-image" */,
				438C089428F1B48800F07D40 /* XCRemoteSwiftPackageReference "Kingfisher" */,
				433F039328F8B0910005F21D /* XCRemoteSwiftPackageReference "LightCompressor_iOS" */,
			);
			productRefGroup = 43332E1728EB3D2B006E017B /* Products */;
			projectDirPath = "";
			projectRoot = "";
			targets = (
				43332E1528EB3D2B006E017B /* Memories */,
				432C679128F9F09300A7A9F2 /* RandomWidgetExtension */,
			);
		};
/* End PBXProject section */

/* Begin PBXResourcesBuildPhase section */
		432C679028F9F09300A7A9F2 /* Resources */ = {
			isa = PBXResourcesBuildPhase;
			buildActionMask = 2147483647;
			files = (
				432C679C28F9F09400A7A9F2 /* Assets.xcassets in Resources */,
				432C67AC28F9F2DB00A7A9F2 /* GoogleService-Info.plist in Resources */,
			);
			runOnlyForDeploymentPostprocessing = 0;
		};
		43332E1428EB3D2B006E017B /* Resources */ = {
			isa = PBXResourcesBuildPhase;
			buildActionMask = 2147483647;
			files = (
				43332E2128EB3D2C006E017B /* Preview Assets.xcassets in Resources */,
				4335C56C28F22CE7005BB3A3 /* GoogleService-Info.plist in Resources */,
				43332E3428EB3F76006E017B /* Localizable.strings in Resources */,
				432C678D28F9E7D200A7A9F2 /* Launch Screen.storyboard in Resources */,
				43332E1E28EB3D2C006E017B /* Assets.xcassets in Resources */,
				43A56CD428FC6FE100AE7883 /* StoreConfiguration.storekit in Resources */,
			);
			runOnlyForDeploymentPostprocessing = 0;
		};
/* End PBXResourcesBuildPhase section */

/* Begin PBXSourcesBuildPhase section */
		432C678E28F9F09300A7A9F2 /* Sources */ = {
			isa = PBXSourcesBuildPhase;
			buildActionMask = 2147483647;
			files = (
				432C67AA28F9F10E00A7A9F2 /* ViewModel.swift in Sources */,
				432C67AF28F9F76900A7A9F2 /* CustomViews.swift in Sources */,
				432C679A28F9F09300A7A9F2 /* RandomWidget.swift in Sources */,
			);
			runOnlyForDeploymentPostprocessing = 0;
		};
		43332E1228EB3D2B006E017B /* Sources */ = {
			isa = PBXSourcesBuildPhase;
			buildActionMask = 2147483647;
			files = (
				43332E3928EB422F006E017B /* LoginViewModel.swift in Sources */,
				439C0F0C28EB9E46004BC325 /* ViewModel.swift in Sources */,
				43332E3E28EB4FE6006E017B /* MemoryListView.swift in Sources */,
				43332E1C28EB3D2B006E017B /* ContentView.swift in Sources */,
				43A56CD628FC70E700AE7883 /* ProVersionView.swift in Sources */,
				43332E3328EB3F20006E017B /* CustomViews.swift in Sources */,
				43332E3B28EB4638006E017B /* LoginView.swift in Sources */,
				439C0F0828EB7CBB004BC325 /* ImagePicker.swift in Sources */,
				43332E4028EB5155006E017B /* New+EditMemoryView.swift in Sources */,
				43A56CD028FC6EBE00AE7883 /* StoreViewModel.swift in Sources */,
				43332E1A28EB3D2B006E017B /* MemoriesApp.swift in Sources */,
			);
			runOnlyForDeploymentPostprocessing = 0;
		};
/* End PBXSourcesBuildPhase section */

/* Begin PBXTargetDependency section */
		432C679F28F9F09400A7A9F2 /* PBXTargetDependency */ = {
			isa = PBXTargetDependency;
			target = 432C679128F9F09300A7A9F2 /* RandomWidgetExtension */;
			targetProxy = 432C679E28F9F09400A7A9F2 /* PBXContainerItemProxy */;
		};
/* End PBXTargetDependency section */

/* Begin PBXVariantGroup section */
		43332E3628EB3F76006E017B /* Localizable.strings */ = {
			isa = PBXVariantGroup;
			children = (
				43332E3528EB3F76006E017B /* en */,
				43332E3728EB3F78006E017B /* ru */,
			);
			name = Localizable.strings;
			sourceTree = "<group>";
		};
/* End PBXVariantGroup section */

/* Begin XCBuildConfiguration section */
		432C67A228F9F09400A7A9F2 /* Debug */ = {
			isa = XCBuildConfiguration;
			buildSettings = {
				ASSETCATALOG_COMPILER_GLOBAL_ACCENT_COLOR_NAME = AccentColor;
				ASSETCATALOG_COMPILER_WIDGET_BACKGROUND_COLOR_NAME = WidgetBackground;
				CODE_SIGN_ENTITLEMENTS = RandomWidgetExtension.entitlements;
				CODE_SIGN_STYLE = Automatic;
				CURRENT_PROJECT_VERSION = 1;
				DEVELOPMENT_TEAM = CQ3SGH4DSY;
				GENERATE_INFOPLIST_FILE = YES;
				INFOPLIST_FILE = RandomWidget/Info.plist;
				INFOPLIST_KEY_CFBundleDisplayName = RandomWidget;
				INFOPLIST_KEY_NSHumanReadableCopyright = "";
				IPHONEOS_DEPLOYMENT_TARGET = 15.0;
				LD_RUNPATH_SEARCH_PATHS = (
					"$(inherited)",
					"@executable_path/Frameworks",
					"@executable_path/../../Frameworks",
				);
				MARKETING_VERSION = 1.0;
				PRODUCT_BUNDLE_IDENTIFIER = FN.Memories.RandomWidget;
				PRODUCT_NAME = "$(TARGET_NAME)";
				SKIP_INSTALL = YES;
				SWIFT_EMIT_LOC_STRINGS = YES;
				SWIFT_VERSION = 5.0;
				TARGETED_DEVICE_FAMILY = "1,2";
			};
			name = Debug;
		};
		432C67A328F9F09400A7A9F2 /* Release */ = {
			isa = XCBuildConfiguration;
			buildSettings = {
				ASSETCATALOG_COMPILER_GLOBAL_ACCENT_COLOR_NAME = AccentColor;
				ASSETCATALOG_COMPILER_WIDGET_BACKGROUND_COLOR_NAME = WidgetBackground;
				CODE_SIGN_ENTITLEMENTS = RandomWidgetExtension.entitlements;
				CODE_SIGN_STYLE = Automatic;
				CURRENT_PROJECT_VERSION = 1;
				DEVELOPMENT_TEAM = CQ3SGH4DSY;
				GENERATE_INFOPLIST_FILE = YES;
				INFOPLIST_FILE = RandomWidget/Info.plist;
				INFOPLIST_KEY_CFBundleDisplayName = RandomWidget;
				INFOPLIST_KEY_NSHumanReadableCopyright = "";
				IPHONEOS_DEPLOYMENT_TARGET = 15.0;
				LD_RUNPATH_SEARCH_PATHS = (
					"$(inherited)",
					"@executable_path/Frameworks",
					"@executable_path/../../Frameworks",
				);
				MARKETING_VERSION = 1.0;
				PRODUCT_BUNDLE_IDENTIFIER = FN.Memories.RandomWidget;
				PRODUCT_NAME = "$(TARGET_NAME)";
				SKIP_INSTALL = YES;
				SWIFT_EMIT_LOC_STRINGS = YES;
				SWIFT_VERSION = 5.0;
				TARGETED_DEVICE_FAMILY = "1,2";
			};
			name = Release;
		};
		43332E2228EB3D2C006E017B /* Debug */ = {
			isa = XCBuildConfiguration;
			buildSettings = {
				ALWAYS_SEARCH_USER_PATHS = NO;
				CLANG_ANALYZER_NONNULL = YES;
				CLANG_ANALYZER_NUMBER_OBJECT_CONVERSION = YES_AGGRESSIVE;
				CLANG_CXX_LANGUAGE_STANDARD = "gnu++20";
				CLANG_ENABLE_MODULES = YES;
				CLANG_ENABLE_OBJC_ARC = YES;
				CLANG_ENABLE_OBJC_WEAK = YES;
				CLANG_WARN_BLOCK_CAPTURE_AUTORELEASING = YES;
				CLANG_WARN_BOOL_CONVERSION = YES;
				CLANG_WARN_COMMA = YES;
				CLANG_WARN_CONSTANT_CONVERSION = YES;
				CLANG_WARN_DEPRECATED_OBJC_IMPLEMENTATIONS = YES;
				CLANG_WARN_DIRECT_OBJC_ISA_USAGE = YES_ERROR;
				CLANG_WARN_DOCUMENTATION_COMMENTS = YES;
				CLANG_WARN_EMPTY_BODY = YES;
				CLANG_WARN_ENUM_CONVERSION = YES;
				CLANG_WARN_INFINITE_RECURSION = YES;
				CLANG_WARN_INT_CONVERSION = YES;
				CLANG_WARN_NON_LITERAL_NULL_CONVERSION = YES;
				CLANG_WARN_OBJC_IMPLICIT_RETAIN_SELF = YES;
				CLANG_WARN_OBJC_LITERAL_CONVERSION = YES;
				CLANG_WARN_OBJC_ROOT_CLASS = YES_ERROR;
				CLANG_WARN_QUOTED_INCLUDE_IN_FRAMEWORK_HEADER = YES;
				CLANG_WARN_RANGE_LOOP_ANALYSIS = YES;
				CLANG_WARN_STRICT_PROTOTYPES = YES;
				CLANG_WARN_SUSPICIOUS_MOVE = YES;
				CLANG_WARN_UNGUARDED_AVAILABILITY = YES_AGGRESSIVE;
				CLANG_WARN_UNREACHABLE_CODE = YES;
				CLANG_WARN__DUPLICATE_METHOD_MATCH = YES;
				COPY_PHASE_STRIP = NO;
				DEBUG_INFORMATION_FORMAT = dwarf;
				ENABLE_STRICT_OBJC_MSGSEND = YES;
				ENABLE_TESTABILITY = YES;
				GCC_C_LANGUAGE_STANDARD = gnu11;
				GCC_DYNAMIC_NO_PIC = NO;
				GCC_NO_COMMON_BLOCKS = YES;
				GCC_OPTIMIZATION_LEVEL = 0;
				GCC_PREPROCESSOR_DEFINITIONS = (
					"DEBUG=1",
					"$(inherited)",
				);
				GCC_WARN_64_TO_32_BIT_CONVERSION = YES;
				GCC_WARN_ABOUT_RETURN_TYPE = YES_ERROR;
				GCC_WARN_UNDECLARED_SELECTOR = YES;
				GCC_WARN_UNINITIALIZED_AUTOS = YES_AGGRESSIVE;
				GCC_WARN_UNUSED_FUNCTION = YES;
				GCC_WARN_UNUSED_VARIABLE = YES;
				IPHONEOS_DEPLOYMENT_TARGET = 16.0;
				MTL_ENABLE_DEBUG_INFO = INCLUDE_SOURCE;
				MTL_FAST_MATH = YES;
				ONLY_ACTIVE_ARCH = YES;
				SDKROOT = iphoneos;
				SWIFT_ACTIVE_COMPILATION_CONDITIONS = DEBUG;
				SWIFT_OPTIMIZATION_LEVEL = "-Onone";
			};
			name = Debug;
		};
		43332E2328EB3D2C006E017B /* Release */ = {
			isa = XCBuildConfiguration;
			buildSettings = {
				ALWAYS_SEARCH_USER_PATHS = NO;
				CLANG_ANALYZER_NONNULL = YES;
				CLANG_ANALYZER_NUMBER_OBJECT_CONVERSION = YES_AGGRESSIVE;
				CLANG_CXX_LANGUAGE_STANDARD = "gnu++20";
				CLANG_ENABLE_MODULES = YES;
				CLANG_ENABLE_OBJC_ARC = YES;
				CLANG_ENABLE_OBJC_WEAK = YES;
				CLANG_WARN_BLOCK_CAPTURE_AUTORELEASING = YES;
				CLANG_WARN_BOOL_CONVERSION = YES;
				CLANG_WARN_COMMA = YES;
				CLANG_WARN_CONSTANT_CONVERSION = YES;
				CLANG_WARN_DEPRECATED_OBJC_IMPLEMENTATIONS = YES;
				CLANG_WARN_DIRECT_OBJC_ISA_USAGE = YES_ERROR;
				CLANG_WARN_DOCUMENTATION_COMMENTS = YES;
				CLANG_WARN_EMPTY_BODY = YES;
				CLANG_WARN_ENUM_CONVERSION = YES;
				CLANG_WARN_INFINITE_RECURSION = YES;
				CLANG_WARN_INT_CONVERSION = YES;
				CLANG_WARN_NON_LITERAL_NULL_CONVERSION = YES;
				CLANG_WARN_OBJC_IMPLICIT_RETAIN_SELF = YES;
				CLANG_WARN_OBJC_LITERAL_CONVERSION = YES;
				CLANG_WARN_OBJC_ROOT_CLASS = YES_ERROR;
				CLANG_WARN_QUOTED_INCLUDE_IN_FRAMEWORK_HEADER = YES;
				CLANG_WARN_RANGE_LOOP_ANALYSIS = YES;
				CLANG_WARN_STRICT_PROTOTYPES = YES;
				CLANG_WARN_SUSPICIOUS_MOVE = YES;
				CLANG_WARN_UNGUARDED_AVAILABILITY = YES_AGGRESSIVE;
				CLANG_WARN_UNREACHABLE_CODE = YES;
				CLANG_WARN__DUPLICATE_METHOD_MATCH = YES;
				COPY_PHASE_STRIP = NO;
				DEBUG_INFORMATION_FORMAT = "dwarf-with-dsym";
				ENABLE_NS_ASSERTIONS = NO;
				ENABLE_STRICT_OBJC_MSGSEND = YES;
				GCC_C_LANGUAGE_STANDARD = gnu11;
				GCC_NO_COMMON_BLOCKS = YES;
				GCC_WARN_64_TO_32_BIT_CONVERSION = YES;
				GCC_WARN_ABOUT_RETURN_TYPE = YES_ERROR;
				GCC_WARN_UNDECLARED_SELECTOR = YES;
				GCC_WARN_UNINITIALIZED_AUTOS = YES_AGGRESSIVE;
				GCC_WARN_UNUSED_FUNCTION = YES;
				GCC_WARN_UNUSED_VARIABLE = YES;
				IPHONEOS_DEPLOYMENT_TARGET = 16.0;
				MTL_ENABLE_DEBUG_INFO = NO;
				MTL_FAST_MATH = YES;
				SDKROOT = iphoneos;
				SWIFT_COMPILATION_MODE = wholemodule;
				SWIFT_OPTIMIZATION_LEVEL = "-O";
				VALIDATE_PRODUCT = YES;
			};
			name = Release;
		};
		43332E2528EB3D2C006E017B /* Debug */ = {
			isa = XCBuildConfiguration;
			buildSettings = {
				ALWAYS_EMBED_SWIFT_STANDARD_LIBRARIES = YES;
				ASSETCATALOG_COMPILER_APPICON_NAME = AppIcon;
				ASSETCATALOG_COMPILER_GLOBAL_ACCENT_COLOR_NAME = AccentColor;
				CODE_SIGN_ENTITLEMENTS = Memories/Memories.entitlements;
				CODE_SIGN_STYLE = Automatic;
				CURRENT_PROJECT_VERSION = 5;
				DEVELOPMENT_ASSET_PATHS = "\"Memories/Preview Content\"";
				DEVELOPMENT_TEAM = CQ3SGH4DSY;
				ENABLE_PREVIEWS = YES;
				GENERATE_INFOPLIST_FILE = YES;
				INFOPLIST_KEY_NSPhotoLibraryUsageDescription = "Требуется доступ к галерее";
				INFOPLIST_KEY_UIApplicationSceneManifest_Generation = YES;
				INFOPLIST_KEY_UIApplicationSupportsIndirectInputEvents = YES;
				INFOPLIST_KEY_UILaunchScreen_Generation = YES;
				INFOPLIST_KEY_UILaunchStoryboardName = "Launch Screen.storyboard";
				INFOPLIST_KEY_UISupportedInterfaceOrientations = UIInterfaceOrientationPortrait;
				INFOPLIST_KEY_UISupportedInterfaceOrientations_iPad = "UIInterfaceOrientationLandscapeLeft UIInterfaceOrientationLandscapeRight UIInterfaceOrientationPortrait UIInterfaceOrientationPortraitUpsideDown";
				IPHONEOS_DEPLOYMENT_TARGET = 15.0;
				LD_RUNPATH_SEARCH_PATHS = (
					"$(inherited)",
					"@executable_path/Frameworks",
				);
				MARKETING_VERSION = 0.1;
				PRODUCT_BUNDLE_IDENTIFIER = FN.Memories;
				PRODUCT_NAME = "$(TARGET_NAME)";
				SUPPORTED_PLATFORMS = "iphoneos iphonesimulator";
				SUPPORTS_MACCATALYST = NO;
				SUPPORTS_MAC_DESIGNED_FOR_IPHONE_IPAD = YES;
				SWIFT_EMIT_LOC_STRINGS = YES;
				SWIFT_VERSION = 5.0;
				TARGETED_DEVICE_FAMILY = 1;
			};
			name = Debug;
		};
		43332E2628EB3D2C006E017B /* Release */ = {
			isa = XCBuildConfiguration;
			buildSettings = {
				ALWAYS_EMBED_SWIFT_STANDARD_LIBRARIES = YES;
				ASSETCATALOG_COMPILER_APPICON_NAME = AppIcon;
				ASSETCATALOG_COMPILER_GLOBAL_ACCENT_COLOR_NAME = AccentColor;
				CODE_SIGN_ENTITLEMENTS = Memories/Memories.entitlements;
				CODE_SIGN_STYLE = Automatic;
				CURRENT_PROJECT_VERSION = 5;
				DEVELOPMENT_ASSET_PATHS = "\"Memories/Preview Content\"";
				DEVELOPMENT_TEAM = CQ3SGH4DSY;
				ENABLE_PREVIEWS = YES;
				GENERATE_INFOPLIST_FILE = YES;
				INFOPLIST_KEY_NSPhotoLibraryUsageDescription = "Требуется доступ к галерее";
				INFOPLIST_KEY_UIApplicationSceneManifest_Generation = YES;
				INFOPLIST_KEY_UIApplicationSupportsIndirectInputEvents = YES;
				INFOPLIST_KEY_UILaunchScreen_Generation = YES;
				INFOPLIST_KEY_UILaunchStoryboardName = "Launch Screen.storyboard";
				INFOPLIST_KEY_UISupportedInterfaceOrientations = UIInterfaceOrientationPortrait;
				INFOPLIST_KEY_UISupportedInterfaceOrientations_iPad = "UIInterfaceOrientationLandscapeLeft UIInterfaceOrientationLandscapeRight UIInterfaceOrientationPortrait UIInterfaceOrientationPortraitUpsideDown";
				IPHONEOS_DEPLOYMENT_TARGET = 15.0;
				LD_RUNPATH_SEARCH_PATHS = (
					"$(inherited)",
					"@executable_path/Frameworks",
				);
				MARKETING_VERSION = 0.1;
				PRODUCT_BUNDLE_IDENTIFIER = FN.Memories;
				PRODUCT_NAME = "$(TARGET_NAME)";
				SUPPORTED_PLATFORMS = "iphoneos iphonesimulator";
				SUPPORTS_MACCATALYST = NO;
				SUPPORTS_MAC_DESIGNED_FOR_IPHONE_IPAD = YES;
				SWIFT_EMIT_LOC_STRINGS = YES;
				SWIFT_VERSION = 5.0;
				TARGETED_DEVICE_FAMILY = 1;
			};
			name = Release;
		};
/* End XCBuildConfiguration section */

/* Begin XCConfigurationList section */
		432C67A128F9F09400A7A9F2 /* Build configuration list for PBXNativeTarget "RandomWidgetExtension" */ = {
			isa = XCConfigurationList;
			buildConfigurations = (
				432C67A228F9F09400A7A9F2 /* Debug */,
				432C67A328F9F09400A7A9F2 /* Release */,
			);
			defaultConfigurationIsVisible = 0;
			defaultConfigurationName = Release;
		};
		43332E1128EB3D2B006E017B /* Build configuration list for PBXProject "Memories" */ = {
			isa = XCConfigurationList;
			buildConfigurations = (
				43332E2228EB3D2C006E017B /* Debug */,
				43332E2328EB3D2C006E017B /* Release */,
			);
			defaultConfigurationIsVisible = 0;
			defaultConfigurationName = Release;
		};
		43332E2428EB3D2C006E017B /* Build configuration list for PBXNativeTarget "Memories" */ = {
			isa = XCConfigurationList;
			buildConfigurations = (
				43332E2528EB3D2C006E017B /* Debug */,
				43332E2628EB3D2C006E017B /* Release */,
			);
			defaultConfigurationIsVisible = 0;
			defaultConfigurationName = Release;
		};
/* End XCConfigurationList section */

/* Begin XCRemoteSwiftPackageReference section */
		43332E4128EB5D92006E017B /* XCRemoteSwiftPackageReference "AlertToast" */ = {
			isa = XCRemoteSwiftPackageReference;
			repositoryURL = "https://github.com/elai950/AlertToast";
			requirement = {
				kind = upToNextMajorVersion;
				minimumVersion = 1.0.0;
			};
		};
		433EBD7B28EF1FF6008C1220 /* XCRemoteSwiftPackageReference "firebase-ios-sdk" */ = {
			isa = XCRemoteSwiftPackageReference;
			repositoryURL = "https://github.com/firebase/firebase-ios-sdk";
			requirement = {
				kind = upToNextMajorVersion;
				minimumVersion = 9.0.0;
			};
		};
		433F039328F8B0910005F21D /* XCRemoteSwiftPackageReference "LightCompressor_iOS" */ = {
			isa = XCRemoteSwiftPackageReference;
			repositoryURL = "https://github.com/AbedElazizShe/LightCompressor_iOS";
			requirement = {
				kind = upToNextMajorVersion;
				minimumVersion = 0.1.9;
			};
		};
		438C088628F1969400F07D40 /* XCRemoteSwiftPackageReference "swiftui-cached-async-image" */ = {
			isa = XCRemoteSwiftPackageReference;
			repositoryURL = "https://github.com/lorenzofiamingo/swiftui-cached-async-image";
			requirement = {
				kind = upToNextMinorVersion;
				minimumVersion = 2.1.0;
			};
		};
		438C089428F1B48800F07D40 /* XCRemoteSwiftPackageReference "Kingfisher" */ = {
			isa = XCRemoteSwiftPackageReference;
			repositoryURL = "https://github.com/onevcat/Kingfisher";
			requirement = {
				kind = upToNextMajorVersion;
				minimumVersion = 7.0.0;
			};
		};
/* End XCRemoteSwiftPackageReference section */

/* Begin XCSwiftPackageProductDependency section */
		432C67A428F9F0AF00A7A9F2 /* FirebaseAuth */ = {
			isa = XCSwiftPackageProductDependency;
			package = 433EBD7B28EF1FF6008C1220 /* XCRemoteSwiftPackageReference "firebase-ios-sdk" */;
			productName = FirebaseAuth;
		};
		432C67A628F9F0AF00A7A9F2 /* FirebaseFirestore */ = {
			isa = XCSwiftPackageProductDependency;
			package = 433EBD7B28EF1FF6008C1220 /* XCRemoteSwiftPackageReference "firebase-ios-sdk" */;
			productName = FirebaseFirestore;
		};
		432C67A828F9F0AF00A7A9F2 /* FirebaseStorage */ = {
			isa = XCSwiftPackageProductDependency;
			package = 433EBD7B28EF1FF6008C1220 /* XCRemoteSwiftPackageReference "firebase-ios-sdk" */;
			productName = FirebaseStorage;
		};
		432C67AD28F9F70D00A7A9F2 /* Kingfisher */ = {
			isa = XCSwiftPackageProductDependency;
			package = 438C089428F1B48800F07D40 /* XCRemoteSwiftPackageReference "Kingfisher" */;
			productName = Kingfisher;
		};
		43332E4228EB5D92006E017B /* AlertToast */ = {
			isa = XCSwiftPackageProductDependency;
			package = 43332E4128EB5D92006E017B /* XCRemoteSwiftPackageReference "AlertToast" */;
			productName = AlertToast;
		};
		433EBD7C28EF1FF6008C1220 /* FirebaseAuth */ = {
			isa = XCSwiftPackageProductDependency;
			package = 433EBD7B28EF1FF6008C1220 /* XCRemoteSwiftPackageReference "firebase-ios-sdk" */;
			productName = FirebaseAuth;
		};
		433EBD7E28EF1FF6008C1220 /* FirebaseDynamicLinks */ = {
			isa = XCSwiftPackageProductDependency;
			package = 433EBD7B28EF1FF6008C1220 /* XCRemoteSwiftPackageReference "firebase-ios-sdk" */;
			productName = FirebaseDynamicLinks;
		};
		433EBD8028EF1FF6008C1220 /* FirebaseFirestore */ = {
			isa = XCSwiftPackageProductDependency;
			package = 433EBD7B28EF1FF6008C1220 /* XCRemoteSwiftPackageReference "firebase-ios-sdk" */;
			productName = FirebaseFirestore;
		};
		433EBD8228EF1FF6008C1220 /* FirebaseStorage */ = {
			isa = XCSwiftPackageProductDependency;
			package = 433EBD7B28EF1FF6008C1220 /* XCRemoteSwiftPackageReference "firebase-ios-sdk" */;
			productName = FirebaseStorage;
		};
		433F039428F8B0910005F21D /* LightCompressor */ = {
			isa = XCSwiftPackageProductDependency;
			package = 433F039328F8B0910005F21D /* XCRemoteSwiftPackageReference "LightCompressor_iOS" */;
			productName = LightCompressor;
		};
		438C088728F1969400F07D40 /* CachedAsyncImage */ = {
			isa = XCSwiftPackageProductDependency;
			package = 438C088628F1969400F07D40 /* XCRemoteSwiftPackageReference "swiftui-cached-async-image" */;
			productName = CachedAsyncImage;
		};
		438C089528F1B48800F07D40 /* Kingfisher */ = {
			isa = XCSwiftPackageProductDependency;
			package = 438C089428F1B48800F07D40 /* XCRemoteSwiftPackageReference "Kingfisher" */;
			productName = Kingfisher;
		};
/* End XCSwiftPackageProductDependency section */
	};
	rootObject = 43332E0E28EB3D2B006E017B /* Project object */;
}
