// !$*UTF8*$!
{
	archiveVersion = 1;
	classes = {
	};
	objectVersion = 56;
	objects = {

/* Begin PBXBuildFile section */
		43050D46291937B100025BEB /* ImagePicker.swift in Sources */ = {isa = PBXBuildFile; fileRef = 43050D45291937B100025BEB /* ImagePicker.swift */; };
		432C678D28F9E7D200A7A9F2 /* Launch Screen.storyboard in Resources */ = {isa = PBXBuildFile; fileRef = 432C678C28F9E7D200A7A9F2 /* Launch Screen.storyboard */; };
		43332E1A28EB3D2B006E017B /* MemoriesApp.swift in Sources */ = {isa = PBXBuildFile; fileRef = 43332E1928EB3D2B006E017B /* MemoriesApp.swift */; };
		43332E1C28EB3D2B006E017B /* ContentView.swift in Sources */ = {isa = PBXBuildFile; fileRef = 43332E1B28EB3D2B006E017B /* ContentView.swift */; };
		43332E1E28EB3D2C006E017B /* Assets.xcassets in Resources */ = {isa = PBXBuildFile; fileRef = 43332E1D28EB3D2C006E017B /* Assets.xcassets */; };
		43332E2128EB3D2C006E017B /* Preview Assets.xcassets in Resources */ = {isa = PBXBuildFile; fileRef = 43332E2028EB3D2C006E017B /* Preview Assets.xcassets */; };
		43332E3928EB422F006E017B /* LoginViewModel.swift in Sources */ = {isa = PBXBuildFile; fileRef = 43332E3828EB422F006E017B /* LoginViewModel.swift */; };
		43332E3B28EB4638006E017B /* LoginView.swift in Sources */ = {isa = PBXBuildFile; fileRef = 43332E3A28EB4638006E017B /* LoginView.swift */; };
		43332E3E28EB4FE6006E017B /* GlobalMemoriesView.swift in Sources */ = {isa = PBXBuildFile; fileRef = 43332E3D28EB4FE6006E017B /* GlobalMemoriesView.swift */; };
		43332E4328EB5D92006E017B /* AlertToast in Frameworks */ = {isa = PBXBuildFile; productRef = 43332E4228EB5D92006E017B /* AlertToast */; };
		4335698A29227CA2001090F4 /* SettingsView.swift in Sources */ = {isa = PBXBuildFile; fileRef = 4335698929227CA2001090F4 /* SettingsView.swift */; };
		43443A32293212860032B995 /* GoogleService-Info.plist in Resources */ = {isa = PBXBuildFile; fileRef = 43443A31293212860032B995 /* GoogleService-Info.plist */; };
		43475E99290975FE000366C0 /* MemoryCardView.swift in Sources */ = {isa = PBXBuildFile; fileRef = 43475E98290975FE000366C0 /* MemoryCardView.swift */; };
		434827A6290C1AD300F6700A /* Secrets.swift in Sources */ = {isa = PBXBuildFile; fileRef = 434827A5290C1AD300F6700A /* Secrets.swift */; };
		434DC0212906EDC0000724B7 /* RevenueCat in Frameworks */ = {isa = PBXBuildFile; productRef = 434DC0202906EDC0000724B7 /* RevenueCat */; };
		434F545528FF044F003EC60C /* Constant.swift in Sources */ = {isa = PBXBuildFile; fileRef = 434F545428FF044F003EC60C /* Constant.swift */; };
		434F545728FF0469003EC60C /* Models.swift in Sources */ = {isa = PBXBuildFile; fileRef = 434F545628FF0469003EC60C /* Models.swift */; };
		4350647729291BB100A4D601 /* BottomSheet in Frameworks */ = {isa = PBXBuildFile; productRef = 4350647629291BB100A4D601 /* BottomSheet */; };
		43561F842917A66300615B67 /* NewPostView.swift in Sources */ = {isa = PBXBuildFile; fileRef = 43561F832917A66300615B67 /* NewPostView.swift */; };
		43561F862917E2F800615B67 /* CameraViewModel.swift in Sources */ = {isa = PBXBuildFile; fileRef = 43561F852917E2F800615B67 /* CameraViewModel.swift */; };
		43561F8829183CEB00615B67 /* ProfileView.swift in Sources */ = {isa = PBXBuildFile; fileRef = 43561F8729183CEB00615B67 /* ProfileView.swift */; };
		43561F8A2918484700615B67 /* EditProfileView.swift in Sources */ = {isa = PBXBuildFile; fileRef = 43561F892918484700615B67 /* EditProfileView.swift */; };
		4381B3D9292A445C00FA186E /* LocationViewModel.swift in Sources */ = {isa = PBXBuildFile; fileRef = 4381B3D8292A445C00FA186E /* LocationViewModel.swift */; };
		438C088828F1969400F07D40 /* CachedAsyncImage in Frameworks */ = {isa = PBXBuildFile; productRef = 438C088728F1969400F07D40 /* CachedAsyncImage */; };
		438C089628F1B48800F07D40 /* Kingfisher in Frameworks */ = {isa = PBXBuildFile; productRef = 438C089528F1B48800F07D40 /* Kingfisher */; };
		439154082912E28300E474B4 /* FirebaseAuth in Frameworks */ = {isa = PBXBuildFile; productRef = 439154072912E28300E474B4 /* FirebaseAuth */; };
		4391540A2912E28300E474B4 /* FirebaseFirestore in Frameworks */ = {isa = PBXBuildFile; productRef = 439154092912E28300E474B4 /* FirebaseFirestore */; };
		4391540C2912E28300E474B4 /* FirebaseStorage in Frameworks */ = {isa = PBXBuildFile; productRef = 4391540B2912E28300E474B4 /* FirebaseStorage */; };
		43932F672901A14F008D66B7 /* Localizable.strings in Resources */ = {isa = PBXBuildFile; fileRef = 43932F6A2901A14F008D66B7 /* Localizable.strings */; };
		439C0F0C28EB9E46004BC325 /* ViewModel.swift in Sources */ = {isa = PBXBuildFile; fileRef = 439C0F0B28EB9E46004BC325 /* ViewModel.swift */; };
		43BE6176290F07E700831D5C /* CustomViews.swift in Sources */ = {isa = PBXBuildFile; fileRef = 43BE6175290F07E700831D5C /* CustomViews.swift */; };
		43BE6179290F080900831D5C /* GlobalExtensions.swift in Sources */ = {isa = PBXBuildFile; fileRef = 43BE6178290F080900831D5C /* GlobalExtensions.swift */; };
/* End PBXBuildFile section */

/* Begin PBXCopyFilesBuildPhase section */
		434771C828F5DF5300BE0214 /* Embed Foundation Extensions */ = {
			isa = PBXCopyFilesBuildPhase;
			buildActionMask = 2147483647;
			dstPath = "";
			dstSubfolderSpec = 13;
			files = (
			);
			name = "Embed Foundation Extensions";
			runOnlyForDeploymentPostprocessing = 0;
		};
/* End PBXCopyFilesBuildPhase section */

/* Begin PBXFileReference section */
		43050D45291937B100025BEB /* ImagePicker.swift */ = {isa = PBXFileReference; lastKnownFileType = sourcecode.swift; path = ImagePicker.swift; sourceTree = "<group>"; };
		432C678C28F9E7D200A7A9F2 /* Launch Screen.storyboard */ = {isa = PBXFileReference; lastKnownFileType = file.storyboard; path = "Launch Screen.storyboard"; sourceTree = "<group>"; };
		432C67AB28F9F2C100A7A9F2 /* RandomWidgetExtension.entitlements */ = {isa = PBXFileReference; lastKnownFileType = text.plist.entitlements; path = RandomWidgetExtension.entitlements; sourceTree = "<group>"; };
		43332E1628EB3D2B006E017B /* No Mask.app */ = {isa = PBXFileReference; explicitFileType = wrapper.application; includeInIndex = 0; path = "No Mask.app"; sourceTree = BUILT_PRODUCTS_DIR; };
		43332E1928EB3D2B006E017B /* MemoriesApp.swift */ = {isa = PBXFileReference; lastKnownFileType = sourcecode.swift; path = MemoriesApp.swift; sourceTree = "<group>"; };
		43332E1B28EB3D2B006E017B /* ContentView.swift */ = {isa = PBXFileReference; lastKnownFileType = sourcecode.swift; path = ContentView.swift; sourceTree = "<group>"; };
		43332E1D28EB3D2C006E017B /* Assets.xcassets */ = {isa = PBXFileReference; lastKnownFileType = folder.assetcatalog; path = Assets.xcassets; sourceTree = "<group>"; };
		43332E2028EB3D2C006E017B /* Preview Assets.xcassets */ = {isa = PBXFileReference; lastKnownFileType = folder.assetcatalog; path = "Preview Assets.xcassets"; sourceTree = "<group>"; };
		43332E3828EB422F006E017B /* LoginViewModel.swift */ = {isa = PBXFileReference; lastKnownFileType = sourcecode.swift; path = LoginViewModel.swift; sourceTree = "<group>"; };
		43332E3A28EB4638006E017B /* LoginView.swift */ = {isa = PBXFileReference; lastKnownFileType = sourcecode.swift; path = LoginView.swift; sourceTree = "<group>"; };
		43332E3C28EB477B006E017B /* Memories.entitlements */ = {isa = PBXFileReference; lastKnownFileType = text.plist.entitlements; path = Memories.entitlements; sourceTree = "<group>"; };
		43332E3D28EB4FE6006E017B /* GlobalMemoriesView.swift */ = {isa = PBXFileReference; lastKnownFileType = sourcecode.swift; path = GlobalMemoriesView.swift; sourceTree = "<group>"; };
		4335698929227CA2001090F4 /* SettingsView.swift */ = {isa = PBXFileReference; lastKnownFileType = sourcecode.swift; path = SettingsView.swift; sourceTree = "<group>"; };
		43443A31293212860032B995 /* GoogleService-Info.plist */ = {isa = PBXFileReference; fileEncoding = 4; lastKnownFileType = text.plist.xml; name = "GoogleService-Info.plist"; path = "../../../Downloads/GoogleService-Info.plist"; sourceTree = "<group>"; };
		43475E98290975FE000366C0 /* MemoryCardView.swift */ = {isa = PBXFileReference; lastKnownFileType = sourcecode.swift; path = MemoryCardView.swift; sourceTree = "<group>"; };
		434771D328F5E5FB00BE0214 /* MemoryWidgetExtension.entitlements */ = {isa = PBXFileReference; lastKnownFileType = text.plist.entitlements; path = MemoryWidgetExtension.entitlements; sourceTree = "<group>"; };
		434827A5290C1AD300F6700A /* Secrets.swift */ = {isa = PBXFileReference; lastKnownFileType = sourcecode.swift; path = Secrets.swift; sourceTree = "<group>"; };
		434F545428FF044F003EC60C /* Constant.swift */ = {isa = PBXFileReference; lastKnownFileType = sourcecode.swift; path = Constant.swift; sourceTree = "<group>"; };
		434F545628FF0469003EC60C /* Models.swift */ = {isa = PBXFileReference; lastKnownFileType = sourcecode.swift; path = Models.swift; sourceTree = "<group>"; };
		43561F832917A66300615B67 /* NewPostView.swift */ = {isa = PBXFileReference; lastKnownFileType = sourcecode.swift; path = NewPostView.swift; sourceTree = "<group>"; };
		43561F852917E2F800615B67 /* CameraViewModel.swift */ = {isa = PBXFileReference; lastKnownFileType = sourcecode.swift; path = CameraViewModel.swift; sourceTree = "<group>"; };
		43561F8729183CEB00615B67 /* ProfileView.swift */ = {isa = PBXFileReference; lastKnownFileType = sourcecode.swift; path = ProfileView.swift; sourceTree = "<group>"; };
		43561F892918484700615B67 /* EditProfileView.swift */ = {isa = PBXFileReference; lastKnownFileType = sourcecode.swift; path = EditProfileView.swift; sourceTree = "<group>"; };
		4381B3D8292A445C00FA186E /* LocationViewModel.swift */ = {isa = PBXFileReference; lastKnownFileType = sourcecode.swift; path = LocationViewModel.swift; sourceTree = "<group>"; };
		43932F692901A14F008D66B7 /* en */ = {isa = PBXFileReference; lastKnownFileType = text.plist.strings; name = en; path = en.lproj/Localizable.strings; sourceTree = "<group>"; };
		43932F6B2901A152008D66B7 /* ru */ = {isa = PBXFileReference; lastKnownFileType = text.plist.strings; name = ru; path = ru.lproj/Localizable.strings; sourceTree = "<group>"; };
		439C0F0B28EB9E46004BC325 /* ViewModel.swift */ = {isa = PBXFileReference; lastKnownFileType = sourcecode.swift; path = ViewModel.swift; sourceTree = "<group>"; };
		43BE6175290F07E700831D5C /* CustomViews.swift */ = {isa = PBXFileReference; fileEncoding = 4; lastKnownFileType = sourcecode.swift; path = CustomViews.swift; sourceTree = "<group>"; };
		43BE6178290F080900831D5C /* GlobalExtensions.swift */ = {isa = PBXFileReference; lastKnownFileType = sourcecode.swift; path = GlobalExtensions.swift; sourceTree = "<group>"; };
/* End PBXFileReference section */

/* Begin PBXFrameworksBuildPhase section */
		43332E1328EB3D2B006E017B /* Frameworks */ = {
			isa = PBXFrameworksBuildPhase;
			buildActionMask = 2147483647;
			files = (
				439154082912E28300E474B4 /* FirebaseAuth in Frameworks */,
				4350647729291BB100A4D601 /* BottomSheet in Frameworks */,
				43332E4328EB5D92006E017B /* AlertToast in Frameworks */,
				438C089628F1B48800F07D40 /* Kingfisher in Frameworks */,
				434DC0212906EDC0000724B7 /* RevenueCat in Frameworks */,
				4391540C2912E28300E474B4 /* FirebaseStorage in Frameworks */,
				438C088828F1969400F07D40 /* CachedAsyncImage in Frameworks */,
				4391540A2912E28300E474B4 /* FirebaseFirestore in Frameworks */,
			);
			runOnlyForDeploymentPostprocessing = 0;
		};
/* End PBXFrameworksBuildPhase section */

/* Begin PBXGroup section */
		43050D47291937BA00025BEB /* Profile */ = {
			isa = PBXGroup;
			children = (
				43561F8729183CEB00615B67 /* ProfileView.swift */,
				43561F892918484700615B67 /* EditProfileView.swift */,
				43050D45291937B100025BEB /* ImagePicker.swift */,
				4335698929227CA2001090F4 /* SettingsView.swift */,
			);
			path = Profile;
			sourceTree = "<group>";
		};
		43332E0D28EB3D2B006E017B = {
			isa = PBXGroup;
			children = (
				432C67AB28F9F2C100A7A9F2 /* RandomWidgetExtension.entitlements */,
				434771D328F5E5FB00BE0214 /* MemoryWidgetExtension.entitlements */,
				43332E1828EB3D2B006E017B /* Memories */,
				43332E1728EB3D2B006E017B /* Products */,
			);
			sourceTree = "<group>";
		};
		43332E1728EB3D2B006E017B /* Products */ = {
			isa = PBXGroup;
			children = (
				43332E1628EB3D2B006E017B /* No Mask.app */,
			);
			name = Products;
			sourceTree = "<group>";
		};
		43332E1828EB3D2B006E017B /* Memories */ = {
			isa = PBXGroup;
			children = (
				43332E3C28EB477B006E017B /* Memories.entitlements */,
				43332E1928EB3D2B006E017B /* MemoriesApp.swift */,
				43BE6177290F07FB00831D5C /* Extensions */,
				43BE6170290F077300831D5C /* Views */,
				43693DBD28F4D249001DD10F /* View Models */,
				43475E9A29097A18000366C0 /* Model */,
				43475E9D290ADD8D000366C0 /* Constans */,
				43932F6A2901A14F008D66B7 /* Localizable.strings */,
				43332E1D28EB3D2C006E017B /* Assets.xcassets */,
				43443A31293212860032B995 /* GoogleService-Info.plist */,
				432C678C28F9E7D200A7A9F2 /* Launch Screen.storyboard */,
				43332E1F28EB3D2C006E017B /* Preview Content */,
			);
			path = Memories;
			sourceTree = "<group>";
		};
		43332E1F28EB3D2C006E017B /* Preview Content */ = {
			isa = PBXGroup;
			children = (
				43332E2028EB3D2C006E017B /* Preview Assets.xcassets */,
			);
			path = "Preview Content";
			sourceTree = "<group>";
		};
		43475E9A29097A18000366C0 /* Model */ = {
			isa = PBXGroup;
			children = (
				434F545628FF0469003EC60C /* Models.swift */,
			);
			path = Model;
			sourceTree = "<group>";
		};
		43475E9D290ADD8D000366C0 /* Constans */ = {
			isa = PBXGroup;
			children = (
				434F545428FF044F003EC60C /* Constant.swift */,
				434827A5290C1AD300F6700A /* Secrets.swift */,
			);
			path = Constans;
			sourceTree = "<group>";
		};
		43693DBC28F4CFC8001DD10F /* Post */ = {
			isa = PBXGroup;
			children = (
				43332E3D28EB4FE6006E017B /* GlobalMemoriesView.swift */,
				43475E98290975FE000366C0 /* MemoryCardView.swift */,
				43561F832917A66300615B67 /* NewPostView.swift */,
			);
			path = Post;
			sourceTree = "<group>";
		};
		43693DBD28F4D249001DD10F /* View Models */ = {
			isa = PBXGroup;
			children = (
				439C0F0B28EB9E46004BC325 /* ViewModel.swift */,
				43332E3828EB422F006E017B /* LoginViewModel.swift */,
				43561F852917E2F800615B67 /* CameraViewModel.swift */,
				4381B3D8292A445C00FA186E /* LocationViewModel.swift */,
			);
			path = "View Models";
			sourceTree = "<group>";
		};
		43BE6170290F077300831D5C /* Views */ = {
			isa = PBXGroup;
			children = (
				43332E1B28EB3D2B006E017B /* ContentView.swift */,
				43332E3A28EB4638006E017B /* LoginView.swift */,
				43BE6175290F07E700831D5C /* CustomViews.swift */,
				43050D47291937BA00025BEB /* Profile */,
				43693DBC28F4CFC8001DD10F /* Post */,
			);
			path = Views;
			sourceTree = "<group>";
		};
		43BE6177290F07FB00831D5C /* Extensions */ = {
			isa = PBXGroup;
			children = (
				43BE6178290F080900831D5C /* GlobalExtensions.swift */,
			);
			path = Extensions;
			sourceTree = "<group>";
		};
/* End PBXGroup section */

/* Begin PBXNativeTarget section */
		43332E1528EB3D2B006E017B /* No Mask */ = {
			isa = PBXNativeTarget;
			buildConfigurationList = 43332E2428EB3D2C006E017B /* Build configuration list for PBXNativeTarget "No Mask" */;
			buildPhases = (
				43332E1228EB3D2B006E017B /* Sources */,
				43332E1328EB3D2B006E017B /* Frameworks */,
				43332E1428EB3D2B006E017B /* Resources */,
				434771C828F5DF5300BE0214 /* Embed Foundation Extensions */,
			);
			buildRules = (
			);
			dependencies = (
			);
			name = "No Mask";
			packageProductDependencies = (
				43332E4228EB5D92006E017B /* AlertToast */,
				438C088728F1969400F07D40 /* CachedAsyncImage */,
				438C089528F1B48800F07D40 /* Kingfisher */,
				434DC0202906EDC0000724B7 /* RevenueCat */,
				439154072912E28300E474B4 /* FirebaseAuth */,
				439154092912E28300E474B4 /* FirebaseFirestore */,
				4391540B2912E28300E474B4 /* FirebaseStorage */,
				4350647629291BB100A4D601 /* BottomSheet */,
			);
			productName = Memories;
			productReference = 43332E1628EB3D2B006E017B /* No Mask.app */;
			productType = "com.apple.product-type.application";
		};
/* End PBXNativeTarget section */

/* Begin PBXProject section */
		43332E0E28EB3D2B006E017B /* Project object */ = {
			isa = PBXProject;
			attributes = {
				BuildIndependentTargetsInParallel = YES;
				LastSwiftUpdateCheck = 1400;
				LastUpgradeCheck = 1400;
				TargetAttributes = {
					43332E1528EB3D2B006E017B = {
						CreatedOnToolsVersion = 14.0.1;
					};
				};
			};
			buildConfigurationList = 43332E1128EB3D2B006E017B /* Build configuration list for PBXProject "No Mask" */;
			compatibilityVersion = "Xcode 14.0";
			developmentRegion = en;
			hasScannedForEncodings = 0;
			knownRegions = (
				en,
				ru,
				Base,
			);
			mainGroup = 43332E0D28EB3D2B006E017B;
			packageReferences = (
				43332E4128EB5D92006E017B /* XCRemoteSwiftPackageReference "AlertToast" */,
				438C088628F1969400F07D40 /* XCRemoteSwiftPackageReference "swiftui-cached-async-image" */,
				438C089428F1B48800F07D40 /* XCRemoteSwiftPackageReference "Kingfisher" */,
				434DC01F2906EDC0000724B7 /* XCRemoteSwiftPackageReference "purchases-ios" */,
				439154062912E28300E474B4 /* XCRemoteSwiftPackageReference "firebase-ios-sdk" */,
				4350647529291BB100A4D601 /* XCRemoteSwiftPackageReference "BottomSheet" */,
			);
			productRefGroup = 43332E1728EB3D2B006E017B /* Products */;
			projectDirPath = "";
			projectRoot = "";
			targets = (
				43332E1528EB3D2B006E017B /* No Mask */,
			);
		};
/* End PBXProject section */

/* Begin PBXResourcesBuildPhase section */
		43332E1428EB3D2B006E017B /* Resources */ = {
			isa = PBXResourcesBuildPhase;
			buildActionMask = 2147483647;
			files = (
				43932F672901A14F008D66B7 /* Localizable.strings in Resources */,
				43332E2128EB3D2C006E017B /* Preview Assets.xcassets in Resources */,
				432C678D28F9E7D200A7A9F2 /* Launch Screen.storyboard in Resources */,
				43332E1E28EB3D2C006E017B /* Assets.xcassets in Resources */,
				43443A32293212860032B995 /* GoogleService-Info.plist in Resources */,
			);
			runOnlyForDeploymentPostprocessing = 0;
		};
/* End PBXResourcesBuildPhase section */

/* Begin PBXSourcesBuildPhase section */
		43332E1228EB3D2B006E017B /* Sources */ = {
			isa = PBXSourcesBuildPhase;
			buildActionMask = 2147483647;
			files = (
				43332E3928EB422F006E017B /* LoginViewModel.swift in Sources */,
				43BE6179290F080900831D5C /* GlobalExtensions.swift in Sources */,
				43561F8A2918484700615B67 /* EditProfileView.swift in Sources */,
				4381B3D9292A445C00FA186E /* LocationViewModel.swift in Sources */,
				43050D46291937B100025BEB /* ImagePicker.swift in Sources */,
				4335698A29227CA2001090F4 /* SettingsView.swift in Sources */,
				434F545728FF0469003EC60C /* Models.swift in Sources */,
				43BE6176290F07E700831D5C /* CustomViews.swift in Sources */,
				439C0F0C28EB9E46004BC325 /* ViewModel.swift in Sources */,
				43332E3E28EB4FE6006E017B /* GlobalMemoriesView.swift in Sources */,
				434827A6290C1AD300F6700A /* Secrets.swift in Sources */,
				43561F8829183CEB00615B67 /* ProfileView.swift in Sources */,
				43332E1C28EB3D2B006E017B /* ContentView.swift in Sources */,
				43561F862917E2F800615B67 /* CameraViewModel.swift in Sources */,
				43475E99290975FE000366C0 /* MemoryCardView.swift in Sources */,
				43332E3B28EB4638006E017B /* LoginView.swift in Sources */,
				43332E1A28EB3D2B006E017B /* MemoriesApp.swift in Sources */,
				43561F842917A66300615B67 /* NewPostView.swift in Sources */,
				434F545528FF044F003EC60C /* Constant.swift in Sources */,
			);
			runOnlyForDeploymentPostprocessing = 0;
		};
/* End PBXSourcesBuildPhase section */

/* Begin PBXVariantGroup section */
		43932F6A2901A14F008D66B7 /* Localizable.strings */ = {
			isa = PBXVariantGroup;
			children = (
				43932F692901A14F008D66B7 /* en */,
				43932F6B2901A152008D66B7 /* ru */,
			);
			name = Localizable.strings;
			sourceTree = "<group>";
		};
/* End PBXVariantGroup section */

/* Begin XCBuildConfiguration section */
		43332E2228EB3D2C006E017B /* Debug */ = {
			isa = XCBuildConfiguration;
			buildSettings = {
				ALWAYS_SEARCH_USER_PATHS = NO;
				CLANG_ANALYZER_NONNULL = YES;
				CLANG_ANALYZER_NUMBER_OBJECT_CONVERSION = YES_AGGRESSIVE;
				CLANG_CXX_LANGUAGE_STANDARD = "gnu++20";
				CLANG_ENABLE_MODULES = YES;
				CLANG_ENABLE_OBJC_ARC = YES;
				CLANG_ENABLE_OBJC_WEAK = YES;
				CLANG_WARN_BLOCK_CAPTURE_AUTORELEASING = YES;
				CLANG_WARN_BOOL_CONVERSION = YES;
				CLANG_WARN_COMMA = YES;
				CLANG_WARN_CONSTANT_CONVERSION = YES;
				CLANG_WARN_DEPRECATED_OBJC_IMPLEMENTATIONS = YES;
				CLANG_WARN_DIRECT_OBJC_ISA_USAGE = YES_ERROR;
				CLANG_WARN_DOCUMENTATION_COMMENTS = YES;
				CLANG_WARN_EMPTY_BODY = YES;
				CLANG_WARN_ENUM_CONVERSION = YES;
				CLANG_WARN_INFINITE_RECURSION = YES;
				CLANG_WARN_INT_CONVERSION = YES;
				CLANG_WARN_NON_LITERAL_NULL_CONVERSION = YES;
				CLANG_WARN_OBJC_IMPLICIT_RETAIN_SELF = YES;
				CLANG_WARN_OBJC_LITERAL_CONVERSION = YES;
				CLANG_WARN_OBJC_ROOT_CLASS = YES_ERROR;
				CLANG_WARN_QUOTED_INCLUDE_IN_FRAMEWORK_HEADER = YES;
				CLANG_WARN_RANGE_LOOP_ANALYSIS = YES;
				CLANG_WARN_STRICT_PROTOTYPES = YES;
				CLANG_WARN_SUSPICIOUS_MOVE = YES;
				CLANG_WARN_UNGUARDED_AVAILABILITY = YES_AGGRESSIVE;
				CLANG_WARN_UNREACHABLE_CODE = YES;
				CLANG_WARN__DUPLICATE_METHOD_MATCH = YES;
				COPY_PHASE_STRIP = NO;
				DEBUG_INFORMATION_FORMAT = dwarf;
				ENABLE_STRICT_OBJC_MSGSEND = YES;
				ENABLE_TESTABILITY = YES;
				GCC_C_LANGUAGE_STANDARD = gnu11;
				GCC_DYNAMIC_NO_PIC = NO;
				GCC_NO_COMMON_BLOCKS = YES;
				GCC_OPTIMIZATION_LEVEL = 0;
				GCC_PREPROCESSOR_DEFINITIONS = (
					"DEBUG=1",
					"$(inherited)",
				);
				GCC_WARN_64_TO_32_BIT_CONVERSION = YES;
				GCC_WARN_ABOUT_RETURN_TYPE = YES_ERROR;
				GCC_WARN_UNDECLARED_SELECTOR = YES;
				GCC_WARN_UNINITIALIZED_AUTOS = YES_AGGRESSIVE;
				GCC_WARN_UNUSED_FUNCTION = YES;
				GCC_WARN_UNUSED_VARIABLE = YES;
				IPHONEOS_DEPLOYMENT_TARGET = 15.0;
				MTL_ENABLE_DEBUG_INFO = INCLUDE_SOURCE;
				MTL_FAST_MATH = YES;
				ONLY_ACTIVE_ARCH = YES;
				SDKROOT = iphoneos;
				SWIFT_ACTIVE_COMPILATION_CONDITIONS = DEBUG;
				SWIFT_OPTIMIZATION_LEVEL = "-Onone";
			};
			name = Debug;
		};
		43332E2328EB3D2C006E017B /* Release */ = {
			isa = XCBuildConfiguration;
			buildSettings = {
				ALWAYS_SEARCH_USER_PATHS = NO;
				CLANG_ANALYZER_NONNULL = YES;
				CLANG_ANALYZER_NUMBER_OBJECT_CONVERSION = YES_AGGRESSIVE;
				CLANG_CXX_LANGUAGE_STANDARD = "gnu++20";
				CLANG_ENABLE_MODULES = YES;
				CLANG_ENABLE_OBJC_ARC = YES;
				CLANG_ENABLE_OBJC_WEAK = YES;
				CLANG_WARN_BLOCK_CAPTURE_AUTORELEASING = YES;
				CLANG_WARN_BOOL_CONVERSION = YES;
				CLANG_WARN_COMMA = YES;
				CLANG_WARN_CONSTANT_CONVERSION = YES;
				CLANG_WARN_DEPRECATED_OBJC_IMPLEMENTATIONS = YES;
				CLANG_WARN_DIRECT_OBJC_ISA_USAGE = YES_ERROR;
				CLANG_WARN_DOCUMENTATION_COMMENTS = YES;
				CLANG_WARN_EMPTY_BODY = YES;
				CLANG_WARN_ENUM_CONVERSION = YES;
				CLANG_WARN_INFINITE_RECURSION = YES;
				CLANG_WARN_INT_CONVERSION = YES;
				CLANG_WARN_NON_LITERAL_NULL_CONVERSION = YES;
				CLANG_WARN_OBJC_IMPLICIT_RETAIN_SELF = YES;
				CLANG_WARN_OBJC_LITERAL_CONVERSION = YES;
				CLANG_WARN_OBJC_ROOT_CLASS = YES_ERROR;
				CLANG_WARN_QUOTED_INCLUDE_IN_FRAMEWORK_HEADER = YES;
				CLANG_WARN_RANGE_LOOP_ANALYSIS = YES;
				CLANG_WARN_STRICT_PROTOTYPES = YES;
				CLANG_WARN_SUSPICIOUS_MOVE = YES;
				CLANG_WARN_UNGUARDED_AVAILABILITY = YES_AGGRESSIVE;
				CLANG_WARN_UNREACHABLE_CODE = YES;
				CLANG_WARN__DUPLICATE_METHOD_MATCH = YES;
				COPY_PHASE_STRIP = NO;
				DEBUG_INFORMATION_FORMAT = "dwarf-with-dsym";
				ENABLE_NS_ASSERTIONS = NO;
				ENABLE_STRICT_OBJC_MSGSEND = YES;
				GCC_C_LANGUAGE_STANDARD = gnu11;
				GCC_NO_COMMON_BLOCKS = YES;
				GCC_WARN_64_TO_32_BIT_CONVERSION = YES;
				GCC_WARN_ABOUT_RETURN_TYPE = YES_ERROR;
				GCC_WARN_UNDECLARED_SELECTOR = YES;
				GCC_WARN_UNINITIALIZED_AUTOS = YES_AGGRESSIVE;
				GCC_WARN_UNUSED_FUNCTION = YES;
				GCC_WARN_UNUSED_VARIABLE = YES;
				IPHONEOS_DEPLOYMENT_TARGET = 15.0;
				MTL_ENABLE_DEBUG_INFO = NO;
				MTL_FAST_MATH = YES;
				SDKROOT = iphoneos;
				SWIFT_COMPILATION_MODE = wholemodule;
				SWIFT_OPTIMIZATION_LEVEL = "-O";
				VALIDATE_PRODUCT = YES;
			};
			name = Release;
		};
		43332E2528EB3D2C006E017B /* Debug */ = {
			isa = XCBuildConfiguration;
			buildSettings = {
				ALWAYS_EMBED_SWIFT_STANDARD_LIBRARIES = YES;
				ASSETCATALOG_COMPILER_APPICON_NAME = AppIcon;
				ASSETCATALOG_COMPILER_GLOBAL_ACCENT_COLOR_NAME = AccentColor;
				ASSETCATALOG_COMPILER_INCLUDE_ALL_APPICON_ASSETS = YES;
				CODE_SIGN_ENTITLEMENTS = Memories/Memories.entitlements;
				CODE_SIGN_STYLE = Automatic;
				CURRENT_PROJECT_VERSION = 3;
				DEVELOPMENT_ASSET_PATHS = "\"Memories/Preview Content\"";
				DEVELOPMENT_TEAM = CQ3SGH4DSY;
				ENABLE_PREVIEWS = YES;
				GENERATE_INFOPLIST_FILE = YES;
				INFOPLIST_FILE = Memories/Info.plist;
				INFOPLIST_KEY_NSCameraUsageDescription = "In order to publish your memory, access to the camera is required";
				INFOPLIST_KEY_NSLocationWhenInUseUsageDescription = acces;
				INFOPLIST_KEY_NSPhotoLibraryUsageDescription = "Gallery access is required to upload a new avatar";
				INFOPLIST_KEY_UIApplicationSceneManifest_Generation = YES;
				INFOPLIST_KEY_UIApplicationSupportsIndirectInputEvents = YES;
				INFOPLIST_KEY_UILaunchScreen_Generation = YES;
				INFOPLIST_KEY_UILaunchStoryboardName = "Launch Screen.storyboard";
				INFOPLIST_KEY_UIStatusBarStyle = "";
				INFOPLIST_KEY_UISupportedInterfaceOrientations = UIInterfaceOrientationPortrait;
				IPHONEOS_DEPLOYMENT_TARGET = 15.0;
				LD_RUNPATH_SEARCH_PATHS = (
					"$(inherited)",
					"@executable_path/Frameworks",
				);
				MARKETING_VERSION = 0.1;
				PRODUCT_BUNDLE_IDENTIFIER = FN.NoMask;
				PRODUCT_NAME = "$(TARGET_NAME)";
				SUPPORTED_PLATFORMS = "iphoneos iphonesimulator";
				SUPPORTS_MACCATALYST = NO;
				SUPPORTS_MAC_DESIGNED_FOR_IPHONE_IPAD = NO;
				SWIFT_EMIT_LOC_STRINGS = YES;
				SWIFT_VERSION = 5.0;
				TARGETED_DEVICE_FAMILY = 1;
			};
			name = Debug;
		};
		43332E2628EB3D2C006E017B /* Release */ = {
			isa = XCBuildConfiguration;
			buildSettings = {
				ALWAYS_EMBED_SWIFT_STANDARD_LIBRARIES = YES;
				ASSETCATALOG_COMPILER_APPICON_NAME = AppIcon;
				ASSETCATALOG_COMPILER_GLOBAL_ACCENT_COLOR_NAME = AccentColor;
				ASSETCATALOG_COMPILER_INCLUDE_ALL_APPICON_ASSETS = YES;
				CODE_SIGN_ENTITLEMENTS = Memories/Memories.entitlements;
				CODE_SIGN_STYLE = Automatic;
				CURRENT_PROJECT_VERSION = 3;
				DEVELOPMENT_ASSET_PATHS = "\"Memories/Preview Content\"";
				DEVELOPMENT_TEAM = CQ3SGH4DSY;
				ENABLE_PREVIEWS = YES;
				GENERATE_INFOPLIST_FILE = YES;
				INFOPLIST_FILE = Memories/Info.plist;
				INFOPLIST_KEY_NSCameraUsageDescription = "In order to publish your memory, access to the camera is required";
				INFOPLIST_KEY_NSLocationWhenInUseUsageDescription = acces;
				INFOPLIST_KEY_NSPhotoLibraryUsageDescription = "Gallery access is required to upload a new avatar";
				INFOPLIST_KEY_UIApplicationSceneManifest_Generation = YES;
				INFOPLIST_KEY_UIApplicationSupportsIndirectInputEvents = YES;
				INFOPLIST_KEY_UILaunchScreen_Generation = YES;
				INFOPLIST_KEY_UILaunchStoryboardName = "Launch Screen.storyboard";
				INFOPLIST_KEY_UIStatusBarStyle = "";
				INFOPLIST_KEY_UISupportedInterfaceOrientations = UIInterfaceOrientationPortrait;
				IPHONEOS_DEPLOYMENT_TARGET = 15.0;
				LD_RUNPATH_SEARCH_PATHS = (
					"$(inherited)",
					"@executable_path/Frameworks",
				);
				MARKETING_VERSION = 0.1;
				PRODUCT_BUNDLE_IDENTIFIER = FN.NoMask;
				PRODUCT_NAME = "$(TARGET_NAME)";
				SUPPORTED_PLATFORMS = "iphoneos iphonesimulator";
				SUPPORTS_MACCATALYST = NO;
				SUPPORTS_MAC_DESIGNED_FOR_IPHONE_IPAD = NO;
				SWIFT_EMIT_LOC_STRINGS = YES;
				SWIFT_VERSION = 5.0;
				TARGETED_DEVICE_FAMILY = 1;
			};
			name = Release;
		};
/* End XCBuildConfiguration section */

/* Begin XCConfigurationList section */
		43332E1128EB3D2B006E017B /* Build configuration list for PBXProject "No Mask" */ = {
			isa = XCConfigurationList;
			buildConfigurations = (
				43332E2228EB3D2C006E017B /* Debug */,
				43332E2328EB3D2C006E017B /* Release */,
			);
			defaultConfigurationIsVisible = 0;
			defaultConfigurationName = Release;
		};
		43332E2428EB3D2C006E017B /* Build configuration list for PBXNativeTarget "No Mask" */ = {
			isa = XCConfigurationList;
			buildConfigurations = (
				43332E2528EB3D2C006E017B /* Debug */,
				43332E2628EB3D2C006E017B /* Release */,
			);
			defaultConfigurationIsVisible = 0;
			defaultConfigurationName = Release;
		};
/* End XCConfigurationList section */

/* Begin XCRemoteSwiftPackageReference section */
		43332E4128EB5D92006E017B /* XCRemoteSwiftPackageReference "AlertToast" */ = {
			isa = XCRemoteSwiftPackageReference;
			repositoryURL = "https://github.com/elai950/AlertToast";
			requirement = {
				kind = upToNextMajorVersion;
				minimumVersion = 1.0.0;
			};
		};
		434DC01F2906EDC0000724B7 /* XCRemoteSwiftPackageReference "purchases-ios" */ = {
			isa = XCRemoteSwiftPackageReference;
			repositoryURL = "https://github.com/RevenueCat/purchases-ios.git";
			requirement = {
				kind = upToNextMajorVersion;
				minimumVersion = 4.0.0;
			};
		};
		4350647529291BB100A4D601 /* XCRemoteSwiftPackageReference "BottomSheet" */ = {
			isa = XCRemoteSwiftPackageReference;
			repositoryURL = "https://github.com/adamfootdev/BottomSheet";
			requirement = {
				kind = upToNextMajorVersion;
				minimumVersion = 0.2.4;
			};
		};
		438C088628F1969400F07D40 /* XCRemoteSwiftPackageReference "swiftui-cached-async-image" */ = {
			isa = XCRemoteSwiftPackageReference;
			repositoryURL = "https://github.com/lorenzofiamingo/swiftui-cached-async-image";
			requirement = {
				kind = upToNextMinorVersion;
				minimumVersion = 2.1.0;
			};
		};
		438C089428F1B48800F07D40 /* XCRemoteSwiftPackageReference "Kingfisher" */ = {
			isa = XCRemoteSwiftPackageReference;
			repositoryURL = "https://github.com/onevcat/Kingfisher";
			requirement = {
				kind = upToNextMajorVersion;
				minimumVersion = 7.0.0;
			};
		};
		439154062912E28300E474B4 /* XCRemoteSwiftPackageReference "firebase-ios-sdk" */ = {
			isa = XCRemoteSwiftPackageReference;
			repositoryURL = "https://github.com/firebase/firebase-ios-sdk";
			requirement = {
				kind = upToNextMajorVersion;
				minimumVersion = 9.0.0;
			};
		};
/* End XCRemoteSwiftPackageReference section */

/* Begin XCSwiftPackageProductDependency section */
		43332E4228EB5D92006E017B /* AlertToast */ = {
			isa = XCSwiftPackageProductDependency;
			package = 43332E4128EB5D92006E017B /* XCRemoteSwiftPackageReference "AlertToast" */;
			productName = AlertToast;
		};
		434DC0202906EDC0000724B7 /* RevenueCat */ = {
			isa = XCSwiftPackageProductDependency;
			package = 434DC01F2906EDC0000724B7 /* XCRemoteSwiftPackageReference "purchases-ios" */;
			productName = RevenueCat;
		};
		4350647629291BB100A4D601 /* BottomSheet */ = {
			isa = XCSwiftPackageProductDependency;
			package = 4350647529291BB100A4D601 /* XCRemoteSwiftPackageReference "BottomSheet" */;
			productName = BottomSheet;
		};
		438C088728F1969400F07D40 /* CachedAsyncImage */ = {
			isa = XCSwiftPackageProductDependency;
			package = 438C088628F1969400F07D40 /* XCRemoteSwiftPackageReference "swiftui-cached-async-image" */;
			productName = CachedAsyncImage;
		};
		438C089528F1B48800F07D40 /* Kingfisher */ = {
			isa = XCSwiftPackageProductDependency;
			package = 438C089428F1B48800F07D40 /* XCRemoteSwiftPackageReference "Kingfisher" */;
			productName = Kingfisher;
		};
		439154072912E28300E474B4 /* FirebaseAuth */ = {
			isa = XCSwiftPackageProductDependency;
			package = 439154062912E28300E474B4 /* XCRemoteSwiftPackageReference "firebase-ios-sdk" */;
			productName = FirebaseAuth;
		};
		439154092912E28300E474B4 /* FirebaseFirestore */ = {
			isa = XCSwiftPackageProductDependency;
			package = 439154062912E28300E474B4 /* XCRemoteSwiftPackageReference "firebase-ios-sdk" */;
			productName = FirebaseFirestore;
		};
		4391540B2912E28300E474B4 /* FirebaseStorage */ = {
			isa = XCSwiftPackageProductDependency;
			package = 439154062912E28300E474B4 /* XCRemoteSwiftPackageReference "firebase-ios-sdk" */;
			productName = FirebaseStorage;
		};
/* End XCSwiftPackageProductDependency section */
	};
	rootObject = 43332E0E28EB3D2B006E017B /* Project object */;
}
